// !$*UTF8*$!
{
	archiveVersion = 1;
	classes = {
	};
	objectVersion = 56;
	objects = {

/* Begin PBXBuildFile section */
		3D069E852A822E82005AD9A9 /* Daily_Habits_ScreenshotTests.swift in Sources */ = {isa = PBXBuildFile; fileRef = 3D069E842A822E82005AD9A9 /* Daily_Habits_ScreenshotTests.swift */; };
		3D069E8E2A822FAD005AD9A9 /* CategoriesControllerStub.swift in Sources */ = {isa = PBXBuildFile; fileRef = 3D069E8D2A822FAD005AD9A9 /* CategoriesControllerStub.swift */; };
		3D069E902A82300B005AD9A9 /* RecordsControllerStub.swift in Sources */ = {isa = PBXBuildFile; fileRef = 3D069E8F2A82300B005AD9A9 /* RecordsControllerStub.swift */; };
		3D069E932A8232DF005AD9A9 /* SnapshotTesting in Frameworks */ = {isa = PBXBuildFile; productRef = 3D069E922A8232DF005AD9A9 /* SnapshotTesting */; };
		3D17BC752A727B6C00652304 /* TrackersCollectionViewUpdate.swift in Sources */ = {isa = PBXBuildFile; fileRef = 3D17BC742A727B6C00652304 /* TrackersCollectionViewUpdate.swift */; };
		3D204E712A5DE3D6007A6376 /* CoreDataPersistentContainer.swift in Sources */ = {isa = PBXBuildFile; fileRef = 3D204E702A5DE3D6007A6376 /* CoreDataPersistentContainer.swift */; };
		3D204E732A5DEA8C007A6376 /* TrackerDataController.swift in Sources */ = {isa = PBXBuildFile; fileRef = 3D204E722A5DEA8C007A6376 /* TrackerDataController.swift */; };
		3D204E752A5EC828007A6376 /* TrackerCategoryStoreUpdate.swift in Sources */ = {isa = PBXBuildFile; fileRef = 3D204E742A5EC828007A6376 /* TrackerCategoryStoreUpdate.swift */; };
		3D2998332A40D4C300B42278 /* CardCollectionViewCell.swift in Sources */ = {isa = PBXBuildFile; fileRef = 3D2998322A40D4C300B42278 /* CardCollectionViewCell.swift */; };
		3D2A10F62A58932C00AC7296 /* TrackerCategoryStore.swift in Sources */ = {isa = PBXBuildFile; fileRef = 3D2A10F52A58932C00AC7296 /* TrackerCategoryStore.swift */; };
		3D2A10F82A58937000AC7296 /* TrackerRecordStore.swift in Sources */ = {isa = PBXBuildFile; fileRef = 3D2A10F72A58937000AC7296 /* TrackerRecordStore.swift */; };
		3D351BBB2A74170800BDF635 /* CategoryCellModel.swift in Sources */ = {isa = PBXBuildFile; fileRef = 3D351BBA2A74170800BDF635 /* CategoryCellModel.swift */; };
		3D3D03442A67B0740073DE2C /* OnboardingPageViewController.swift in Sources */ = {isa = PBXBuildFile; fileRef = 3D3D03432A67B0740073DE2C /* OnboardingPageViewController.swift */; };
		3D3D03462A67B10D0073DE2C /* OnboardingViewController.swift in Sources */ = {isa = PBXBuildFile; fileRef = 3D3D03452A67B10D0073DE2C /* OnboardingViewController.swift */; };
		3D4011032A45A4720015928E /* HeaderCollectionReusableView.swift in Sources */ = {isa = PBXBuildFile; fileRef = 3D4011022A45A4720015928E /* HeaderCollectionReusableView.swift */; };
		3D4011062A45AA290015928E /* CategoryViewController.swift in Sources */ = {isa = PBXBuildFile; fileRef = 3D4011052A45AA290015928E /* CategoryViewController.swift */; };
		3D44CA0E2A4381E600B7AF05 /* NewTrackerTypeChoosingViewController.swift in Sources */ = {isa = PBXBuildFile; fileRef = 3D44CA0D2A4381E600B7AF05 /* NewTrackerTypeChoosingViewController.swift */; };
		3D44CA102A43998600B7AF05 /* NewTrackerViewController.swift in Sources */ = {isa = PBXBuildFile; fileRef = 3D44CA0F2A43998600B7AF05 /* NewTrackerViewController.swift */; };
		3D5EA97F2A7664B40054CEDC /* ListCollectionViewCell.swift in Sources */ = {isa = PBXBuildFile; fileRef = 3D5EA97E2A7664B40054CEDC /* ListCollectionViewCell.swift */; };
		3D5EA9812A76790B0054CEDC /* AppInitialConfiguration.swift in Sources */ = {isa = PBXBuildFile; fileRef = 3D5EA9802A76790B0054CEDC /* AppInitialConfiguration.swift */; };
		3D6556EB2A4E2329008C1241 /* CollectionViewCell.swift in Sources */ = {isa = PBXBuildFile; fileRef = 3D6556EA2A4E2329008C1241 /* CollectionViewCell.swift */; };
		3D662C692A56135600148E76 /* TrackerStore.swift in Sources */ = {isa = PBXBuildFile; fileRef = 3D662C682A56135600148E76 /* TrackerStore.swift */; };
		3D6A7D962A7BCDF200047C69 /* Strings.swift in Sources */ = {isa = PBXBuildFile; fileRef = 3D6A7D952A7BCDF200047C69 /* Strings.swift */; };
		3D6A7D9B2A7BDE9F00047C69 /* Localizable.strings in Resources */ = {isa = PBXBuildFile; fileRef = 3D6A7D9D2A7BDE9F00047C69 /* Localizable.strings */; };
		3D7268662A686B2200540D6B /* CategoryTableViewCell.swift in Sources */ = {isa = PBXBuildFile; fileRef = 3D7268652A686B2200540D6B /* CategoryTableViewCell.swift */; };
		3D7268682A692EAD00540D6B /* NewCategoryViewController.swift in Sources */ = {isa = PBXBuildFile; fileRef = 3D7268672A692EAD00540D6B /* NewCategoryViewController.swift */; };
		3D72686A2A693EE900540D6B /* CategoryViewModel.swift in Sources */ = {isa = PBXBuildFile; fileRef = 3D7268692A693EE900540D6B /* CategoryViewModel.swift */; };
		3D7BF5BC2A3F636C007FDAC9 /* TabBarController.swift in Sources */ = {isa = PBXBuildFile; fileRef = 3D7BF5BB2A3F636C007FDAC9 /* TabBarController.swift */; };
		3D7BF5BE2A3F6B83007FDAC9 /* StatisticViewController.swift in Sources */ = {isa = PBXBuildFile; fileRef = 3D7BF5BD2A3F6B83007FDAC9 /* StatisticViewController.swift */; };
		3D7BF5C72A3FA9FC007FDAC9 /* UIColor+Extension.swift in Sources */ = {isa = PBXBuildFile; fileRef = 3D7BF5C62A3FA9FC007FDAC9 /* UIColor+Extension.swift */; };
		3DB121B82A44B60200CA2EEC /* UITextField+Extensions.swift in Sources */ = {isa = PBXBuildFile; fileRef = 3DB121B72A44B60200CA2EEC /* UITextField+Extensions.swift */; };
		3DB121BA2A44C1A600CA2EEC /* ListView.swift in Sources */ = {isa = PBXBuildFile; fileRef = 3DB121B92A44C1A600CA2EEC /* ListView.swift */; };
		3DB121BC2A44D72100CA2EEC /* PrimaryButton.swift in Sources */ = {isa = PBXBuildFile; fileRef = 3DB121BB2A44D72100CA2EEC /* PrimaryButton.swift */; };
		3DB121BE2A44DDED00CA2EEC /* ScheduleViewController.swift in Sources */ = {isa = PBXBuildFile; fileRef = 3DB121BD2A44DDED00CA2EEC /* ScheduleViewController.swift */; };
		3DB172AE2A42FB7C0043A3F1 /* Constants.swift in Sources */ = {isa = PBXBuildFile; fileRef = 3DB172AD2A42FB7C0043A3F1 /* Constants.swift */; };
		3DB172B12A4301400043A3F1 /* Tracker.swift in Sources */ = {isa = PBXBuildFile; fileRef = 3DB172B02A4301400043A3F1 /* Tracker.swift */; };
		3DB172B32A43015A0043A3F1 /* TrackerCategory.swift in Sources */ = {isa = PBXBuildFile; fileRef = 3DB172B22A43015A0043A3F1 /* TrackerCategory.swift */; };
		3DB172B52A4301780043A3F1 /* TrackerRecord.swift in Sources */ = {isa = PBXBuildFile; fileRef = 3DB172B42A4301780043A3F1 /* TrackerRecord.swift */; };
		3DB998D42A46F8B900EC9069 /* String+Extension.swift in Sources */ = {isa = PBXBuildFile; fileRef = 3DB998D32A46F8B900EC9069 /* String+Extension.swift */; };
		3DC0BC382A69C237008C1080 /* Observable.swift in Sources */ = {isa = PBXBuildFile; fileRef = 3DC0BC372A69C237008C1080 /* Observable.swift */; };
		3DCC16722A60AFFD0061F75D /* CoreDataModel.xcdatamodeld in Sources */ = {isa = PBXBuildFile; fileRef = 3DCC16702A60AFFD0061F75D /* CoreDataModel.xcdatamodeld */; };
		3DE04A722A4791BC00AA623B /* CardCellViewModel.swift in Sources */ = {isa = PBXBuildFile; fileRef = 3DE04A712A4791BC00AA623B /* CardCellViewModel.swift */; };
		3DE22DE02A6C467F00C80730 /* TrackersViewModel.swift in Sources */ = {isa = PBXBuildFile; fileRef = 3DE22DDF2A6C467F00C80730 /* TrackersViewModel.swift */; };
		3DEA00E02A3B280300CE2402 /* AppDelegate.swift in Sources */ = {isa = PBXBuildFile; fileRef = 3DEA00DF2A3B280300CE2402 /* AppDelegate.swift */; };
		3DEA00E22A3B280300CE2402 /* SceneDelegate.swift in Sources */ = {isa = PBXBuildFile; fileRef = 3DEA00E12A3B280300CE2402 /* SceneDelegate.swift */; };
		3DEA00E42A3B280300CE2402 /* TrackersViewController.swift in Sources */ = {isa = PBXBuildFile; fileRef = 3DEA00E32A3B280300CE2402 /* TrackersViewController.swift */; };
		3DEA00E92A3B280300CE2402 /* Assets.xcassets in Resources */ = {isa = PBXBuildFile; fileRef = 3DEA00E82A3B280300CE2402 /* Assets.xcassets */; };
		3DEA00EC2A3B280300CE2402 /* LaunchScreen.storyboard in Resources */ = {isa = PBXBuildFile; fileRef = 3DEA00EA2A3B280300CE2402 /* LaunchScreen.storyboard */; };
		3DEBA5562A6BAAE6008D31A4 /* NewTrackerViewModel.swift in Sources */ = {isa = PBXBuildFile; fileRef = 3DEBA5552A6BAAE6008D31A4 /* NewTrackerViewModel.swift */; };
		3DEBA5582A6BC5F5008D31A4 /* ScheduleViewModel.swift in Sources */ = {isa = PBXBuildFile; fileRef = 3DEBA5572A6BC5F5008D31A4 /* ScheduleViewModel.swift */; };
		3DEBA55A2A6BC6F6008D31A4 /* ListViewModel.swift in Sources */ = {isa = PBXBuildFile; fileRef = 3DEBA5592A6BC6F6008D31A4 /* ListViewModel.swift */; };
		3DFF187E2A7C3A2900283264 /* Localizable.stringsdict in Resources */ = {isa = PBXBuildFile; fileRef = 3DFF18802A7C3A2900283264 /* Localizable.stringsdict */; };
/* End PBXBuildFile section */

/* Begin PBXContainerItemProxy section */
		3D069E862A822E82005AD9A9 /* PBXContainerItemProxy */ = {
			isa = PBXContainerItemProxy;
			containerPortal = 3DEA00D42A3B280300CE2402 /* Project object */;
			proxyType = 1;
			remoteGlobalIDString = 3DEA00DB2A3B280300CE2402;
			remoteInfo = "Daily Habits";
		};
/* End PBXContainerItemProxy section */

/* Begin PBXFileReference section */
		3D069E822A822E82005AD9A9 /* Daily Habits ScreenshotTests.xctest */ = {isa = PBXFileReference; explicitFileType = wrapper.cfbundle; includeInIndex = 0; path = "Daily Habits ScreenshotTests.xctest"; sourceTree = BUILT_PRODUCTS_DIR; };
		3D069E842A822E82005AD9A9 /* Daily_Habits_ScreenshotTests.swift */ = {isa = PBXFileReference; lastKnownFileType = sourcecode.swift; path = Daily_Habits_ScreenshotTests.swift; sourceTree = "<group>"; };
		3D069E8D2A822FAD005AD9A9 /* CategoriesControllerStub.swift */ = {isa = PBXFileReference; lastKnownFileType = sourcecode.swift; path = CategoriesControllerStub.swift; sourceTree = "<group>"; };
		3D069E8F2A82300B005AD9A9 /* RecordsControllerStub.swift */ = {isa = PBXFileReference; lastKnownFileType = sourcecode.swift; path = RecordsControllerStub.swift; sourceTree = "<group>"; };
		3D17BC742A727B6C00652304 /* TrackersCollectionViewUpdate.swift */ = {isa = PBXFileReference; lastKnownFileType = sourcecode.swift; path = TrackersCollectionViewUpdate.swift; sourceTree = "<group>"; };
		3D204E702A5DE3D6007A6376 /* CoreDataPersistentContainer.swift */ = {isa = PBXFileReference; lastKnownFileType = sourcecode.swift; path = CoreDataPersistentContainer.swift; sourceTree = "<group>"; };
		3D204E722A5DEA8C007A6376 /* TrackerDataController.swift */ = {isa = PBXFileReference; lastKnownFileType = sourcecode.swift; path = TrackerDataController.swift; sourceTree = "<group>"; };
		3D204E742A5EC828007A6376 /* TrackerCategoryStoreUpdate.swift */ = {isa = PBXFileReference; lastKnownFileType = sourcecode.swift; path = TrackerCategoryStoreUpdate.swift; sourceTree = "<group>"; };
		3D2998322A40D4C300B42278 /* CardCollectionViewCell.swift */ = {isa = PBXFileReference; lastKnownFileType = sourcecode.swift; path = CardCollectionViewCell.swift; sourceTree = "<group>"; };
		3D2A10F52A58932C00AC7296 /* TrackerCategoryStore.swift */ = {isa = PBXFileReference; lastKnownFileType = sourcecode.swift; path = TrackerCategoryStore.swift; sourceTree = "<group>"; };
		3D2A10F72A58937000AC7296 /* TrackerRecordStore.swift */ = {isa = PBXFileReference; lastKnownFileType = sourcecode.swift; path = TrackerRecordStore.swift; sourceTree = "<group>"; };
		3D351BBA2A74170800BDF635 /* CategoryCellModel.swift */ = {isa = PBXFileReference; lastKnownFileType = sourcecode.swift; path = CategoryCellModel.swift; sourceTree = "<group>"; };
		3D3D03432A67B0740073DE2C /* OnboardingPageViewController.swift */ = {isa = PBXFileReference; lastKnownFileType = sourcecode.swift; path = OnboardingPageViewController.swift; sourceTree = "<group>"; };
		3D3D03452A67B10D0073DE2C /* OnboardingViewController.swift */ = {isa = PBXFileReference; lastKnownFileType = sourcecode.swift; path = OnboardingViewController.swift; sourceTree = "<group>"; };
		3D4011022A45A4720015928E /* HeaderCollectionReusableView.swift */ = {isa = PBXFileReference; lastKnownFileType = sourcecode.swift; path = HeaderCollectionReusableView.swift; sourceTree = "<group>"; };
		3D4011052A45AA290015928E /* CategoryViewController.swift */ = {isa = PBXFileReference; lastKnownFileType = sourcecode.swift; path = CategoryViewController.swift; sourceTree = "<group>"; };
		3D44CA0D2A4381E600B7AF05 /* NewTrackerTypeChoosingViewController.swift */ = {isa = PBXFileReference; lastKnownFileType = sourcecode.swift; path = NewTrackerTypeChoosingViewController.swift; sourceTree = "<group>"; };
		3D44CA0F2A43998600B7AF05 /* NewTrackerViewController.swift */ = {isa = PBXFileReference; lastKnownFileType = sourcecode.swift; path = NewTrackerViewController.swift; sourceTree = "<group>"; };
		3D5EA97E2A7664B40054CEDC /* ListCollectionViewCell.swift */ = {isa = PBXFileReference; lastKnownFileType = sourcecode.swift; path = ListCollectionViewCell.swift; sourceTree = "<group>"; };
		3D5EA9802A76790B0054CEDC /* AppInitialConfiguration.swift */ = {isa = PBXFileReference; lastKnownFileType = sourcecode.swift; path = AppInitialConfiguration.swift; sourceTree = "<group>"; };
		3D6556EA2A4E2329008C1241 /* CollectionViewCell.swift */ = {isa = PBXFileReference; lastKnownFileType = sourcecode.swift; path = CollectionViewCell.swift; sourceTree = "<group>"; };
		3D662C682A56135600148E76 /* TrackerStore.swift */ = {isa = PBXFileReference; lastKnownFileType = sourcecode.swift; path = TrackerStore.swift; sourceTree = "<group>"; };
		3D6A7D952A7BCDF200047C69 /* Strings.swift */ = {isa = PBXFileReference; lastKnownFileType = sourcecode.swift; path = Strings.swift; sourceTree = "<group>"; };
		3D6A7D972A7BCE3700047C69 /* ru */ = {isa = PBXFileReference; lastKnownFileType = text.plist.strings; name = ru; path = ru.lproj/LaunchScreen.strings; sourceTree = "<group>"; };
		3D6A7D982A7BCE4000047C69 /* es */ = {isa = PBXFileReference; lastKnownFileType = text.plist.strings; name = es; path = es.lproj/LaunchScreen.strings; sourceTree = "<group>"; };
		3D6A7D9C2A7BDE9F00047C69 /* en */ = {isa = PBXFileReference; lastKnownFileType = text.plist.strings; name = en; path = en.lproj/Localizable.strings; sourceTree = "<group>"; };
		3D6A7D9E2A7BDEA200047C69 /* ru */ = {isa = PBXFileReference; lastKnownFileType = text.plist.strings; name = ru; path = ru.lproj/Localizable.strings; sourceTree = "<group>"; };
		3D6A7D9F2A7BDEA300047C69 /* es */ = {isa = PBXFileReference; lastKnownFileType = text.plist.strings; name = es; path = es.lproj/Localizable.strings; sourceTree = "<group>"; };
		3D6A7DA02A7BE48D00047C69 /* Info.plist */ = {isa = PBXFileReference; lastKnownFileType = text.plist.xml; path = Info.plist; sourceTree = "<group>"; };
		3D7268652A686B2200540D6B /* CategoryTableViewCell.swift */ = {isa = PBXFileReference; lastKnownFileType = sourcecode.swift; path = CategoryTableViewCell.swift; sourceTree = "<group>"; };
		3D7268672A692EAD00540D6B /* NewCategoryViewController.swift */ = {isa = PBXFileReference; lastKnownFileType = sourcecode.swift; path = NewCategoryViewController.swift; sourceTree = "<group>"; };
		3D7268692A693EE900540D6B /* CategoryViewModel.swift */ = {isa = PBXFileReference; lastKnownFileType = sourcecode.swift; path = CategoryViewModel.swift; sourceTree = "<group>"; };
		3D7BF5BB2A3F636C007FDAC9 /* TabBarController.swift */ = {isa = PBXFileReference; lastKnownFileType = sourcecode.swift; path = TabBarController.swift; sourceTree = "<group>"; };
		3D7BF5BD2A3F6B83007FDAC9 /* StatisticViewController.swift */ = {isa = PBXFileReference; lastKnownFileType = sourcecode.swift; path = StatisticViewController.swift; sourceTree = "<group>"; };
		3D7BF5C62A3FA9FC007FDAC9 /* UIColor+Extension.swift */ = {isa = PBXFileReference; lastKnownFileType = sourcecode.swift; path = "UIColor+Extension.swift"; sourceTree = "<group>"; };
		3DB121B72A44B60200CA2EEC /* UITextField+Extensions.swift */ = {isa = PBXFileReference; lastKnownFileType = sourcecode.swift; path = "UITextField+Extensions.swift"; sourceTree = "<group>"; };
		3DB121B92A44C1A600CA2EEC /* ListView.swift */ = {isa = PBXFileReference; lastKnownFileType = sourcecode.swift; path = ListView.swift; sourceTree = "<group>"; };
		3DB121BB2A44D72100CA2EEC /* PrimaryButton.swift */ = {isa = PBXFileReference; lastKnownFileType = sourcecode.swift; path = PrimaryButton.swift; sourceTree = "<group>"; };
		3DB121BD2A44DDED00CA2EEC /* ScheduleViewController.swift */ = {isa = PBXFileReference; lastKnownFileType = sourcecode.swift; path = ScheduleViewController.swift; sourceTree = "<group>"; };
		3DB172AD2A42FB7C0043A3F1 /* Constants.swift */ = {isa = PBXFileReference; lastKnownFileType = sourcecode.swift; path = Constants.swift; sourceTree = "<group>"; };
		3DB172B02A4301400043A3F1 /* Tracker.swift */ = {isa = PBXFileReference; lastKnownFileType = sourcecode.swift; path = Tracker.swift; sourceTree = "<group>"; };
		3DB172B22A43015A0043A3F1 /* TrackerCategory.swift */ = {isa = PBXFileReference; lastKnownFileType = sourcecode.swift; path = TrackerCategory.swift; sourceTree = "<group>"; };
		3DB172B42A4301780043A3F1 /* TrackerRecord.swift */ = {isa = PBXFileReference; lastKnownFileType = sourcecode.swift; path = TrackerRecord.swift; sourceTree = "<group>"; };
		3DB998D32A46F8B900EC9069 /* String+Extension.swift */ = {isa = PBXFileReference; lastKnownFileType = sourcecode.swift; path = "String+Extension.swift"; sourceTree = "<group>"; };
		3DC0BC372A69C237008C1080 /* Observable.swift */ = {isa = PBXFileReference; lastKnownFileType = sourcecode.swift; path = Observable.swift; sourceTree = "<group>"; };
		3DCC16712A60AFFD0061F75D /* CoreDataModel.xcdatamodel */ = {isa = PBXFileReference; lastKnownFileType = wrapper.xcdatamodel; path = CoreDataModel.xcdatamodel; sourceTree = "<group>"; };
		3DE04A712A4791BC00AA623B /* CardCellViewModel.swift */ = {isa = PBXFileReference; lastKnownFileType = sourcecode.swift; path = CardCellViewModel.swift; sourceTree = "<group>"; };
		3DE22DDF2A6C467F00C80730 /* TrackersViewModel.swift */ = {isa = PBXFileReference; lastKnownFileType = sourcecode.swift; path = TrackersViewModel.swift; sourceTree = "<group>"; };
		3DEA00DC2A3B280300CE2402 /* Daily Habits.app */ = {isa = PBXFileReference; explicitFileType = wrapper.application; includeInIndex = 0; path = "Daily Habits.app"; sourceTree = BUILT_PRODUCTS_DIR; };
		3DEA00DF2A3B280300CE2402 /* AppDelegate.swift */ = {isa = PBXFileReference; lastKnownFileType = sourcecode.swift; path = AppDelegate.swift; sourceTree = "<group>"; };
		3DEA00E12A3B280300CE2402 /* SceneDelegate.swift */ = {isa = PBXFileReference; lastKnownFileType = sourcecode.swift; path = SceneDelegate.swift; sourceTree = "<group>"; };
		3DEA00E32A3B280300CE2402 /* TrackersViewController.swift */ = {isa = PBXFileReference; lastKnownFileType = sourcecode.swift; path = TrackersViewController.swift; sourceTree = "<group>"; };
		3DEA00E82A3B280300CE2402 /* Assets.xcassets */ = {isa = PBXFileReference; lastKnownFileType = folder.assetcatalog; path = Assets.xcassets; sourceTree = "<group>"; };
		3DEA00EB2A3B280300CE2402 /* Base */ = {isa = PBXFileReference; lastKnownFileType = file.storyboard; name = Base; path = Base.lproj/LaunchScreen.storyboard; sourceTree = "<group>"; };
		3DEBA5552A6BAAE6008D31A4 /* NewTrackerViewModel.swift */ = {isa = PBXFileReference; lastKnownFileType = sourcecode.swift; path = NewTrackerViewModel.swift; sourceTree = "<group>"; };
		3DEBA5572A6BC5F5008D31A4 /* ScheduleViewModel.swift */ = {isa = PBXFileReference; lastKnownFileType = sourcecode.swift; path = ScheduleViewModel.swift; sourceTree = "<group>"; };
		3DEBA5592A6BC6F6008D31A4 /* ListViewModel.swift */ = {isa = PBXFileReference; lastKnownFileType = sourcecode.swift; path = ListViewModel.swift; sourceTree = "<group>"; };
		3DFF187F2A7C3A2900283264 /* en */ = {isa = PBXFileReference; lastKnownFileType = text.plist.stringsdict; name = en; path = en.lproj/Localizable.stringsdict; sourceTree = "<group>"; };
		3DFF18812A7C3A2C00283264 /* ru */ = {isa = PBXFileReference; lastKnownFileType = text.plist.stringsdict; name = ru; path = ru.lproj/Localizable.stringsdict; sourceTree = "<group>"; };
		3DFF18822A7C3A2E00283264 /* es */ = {isa = PBXFileReference; lastKnownFileType = text.plist.stringsdict; name = es; path = es.lproj/Localizable.stringsdict; sourceTree = "<group>"; };
/* End PBXFileReference section */

/* Begin PBXFrameworksBuildPhase section */
		3D069E7F2A822E82005AD9A9 /* Frameworks */ = {
			isa = PBXFrameworksBuildPhase;
			buildActionMask = 2147483647;
			files = (
				3D069E932A8232DF005AD9A9 /* SnapshotTesting in Frameworks */,
			);
			runOnlyForDeploymentPostprocessing = 0;
		};
		3DEA00D92A3B280300CE2402 /* Frameworks */ = {
			isa = PBXFrameworksBuildPhase;
			buildActionMask = 2147483647;
			files = (
			);
			runOnlyForDeploymentPostprocessing = 0;
		};
/* End PBXFrameworksBuildPhase section */

/* Begin PBXGroup section */
		3D069E832A822E82005AD9A9 /* Daily Habits ScreenshotTests */ = {
			isa = PBXGroup;
			children = (
				3D069E842A822E82005AD9A9 /* Daily_Habits_ScreenshotTests.swift */,
				3D069E8D2A822FAD005AD9A9 /* CategoriesControllerStub.swift */,
				3D069E8F2A82300B005AD9A9 /* RecordsControllerStub.swift */,
			);
			path = "Daily Habits ScreenshotTests";
			sourceTree = "<group>";
		};
		3D069E912A8232DF005AD9A9 /* Frameworks */ = {
			isa = PBXGroup;
			children = (
			);
			name = Frameworks;
			sourceTree = "<group>";
		};
		3D3D03422A67B04D0073DE2C /* OnboardingViewController */ = {
			isa = PBXGroup;
			children = (
				3D3D03432A67B0740073DE2C /* OnboardingPageViewController.swift */,
				3D3D03452A67B10D0073DE2C /* OnboardingViewController.swift */,
			);
			path = OnboardingViewController;
			sourceTree = "<group>";
		};
		3D4011042A45AA0B0015928E /* CategoryViewController */ = {
			isa = PBXGroup;
			children = (
				3D4011052A45AA290015928E /* CategoryViewController.swift */,
				3D7268692A693EE900540D6B /* CategoryViewModel.swift */,
				3D7268652A686B2200540D6B /* CategoryTableViewCell.swift */,
				3D351BBA2A74170800BDF635 /* CategoryCellModel.swift */,
				3D7268672A692EAD00540D6B /* NewCategoryViewController.swift */,
			);
			path = CategoryViewController;
			sourceTree = "<group>";
		};
		3D662C672A56133900148E76 /* CoreData */ = {
			isa = PBXGroup;
			children = (
				3D662C682A56135600148E76 /* TrackerStore.swift */,
				3D2A10F52A58932C00AC7296 /* TrackerCategoryStore.swift */,
				3D2A10F72A58937000AC7296 /* TrackerRecordStore.swift */,
				3D204E722A5DEA8C007A6376 /* TrackerDataController.swift */,
				3D204E702A5DE3D6007A6376 /* CoreDataPersistentContainer.swift */,
				3D204E742A5EC828007A6376 /* TrackerCategoryStoreUpdate.swift */,
				3DCC16702A60AFFD0061F75D /* CoreDataModel.xcdatamodeld */,
			);
			path = CoreData;
			sourceTree = "<group>";
		};
		3D6A7D942A7BCDD800047C69 /* Resources */ = {
			isa = PBXGroup;
			children = (
				3DFF18802A7C3A2900283264 /* Localizable.stringsdict */,
				3D6A7D9D2A7BDE9F00047C69 /* Localizable.strings */,
				3DEA00EA2A3B280300CE2402 /* LaunchScreen.storyboard */,
				3DEA00E82A3B280300CE2402 /* Assets.xcassets */,
			);
			path = Resources;
			sourceTree = "<group>";
		};
		3D7BF5BF2A3F6C35007FDAC9 /* TrackersViewController */ = {
			isa = PBXGroup;
			children = (
				3DEA00E32A3B280300CE2402 /* TrackersViewController.swift */,
				3DE22DDF2A6C467F00C80730 /* TrackersViewModel.swift */,
				3D2998322A40D4C300B42278 /* CardCollectionViewCell.swift */,
				3DE04A712A4791BC00AA623B /* CardCellViewModel.swift */,
				3D4011022A45A4720015928E /* HeaderCollectionReusableView.swift */,
				3D17BC742A727B6C00652304 /* TrackersCollectionViewUpdate.swift */,
				3DB121BF2A44F0EB00CA2EEC /* NewTrackerTypeChoosingViewController */,
				3DB121C02A44F10A00CA2EEC /* NewTrackerViewController */,
				3D4011042A45AA0B0015928E /* CategoryViewController */,
				3DB121C12A44F11400CA2EEC /* ScheduleViewController */,
			);
			path = TrackersViewController;
			sourceTree = "<group>";
		};
		3D7BF5C02A3F6C49007FDAC9 /* StatisticViewController */ = {
			isa = PBXGroup;
			children = (
				3D7BF5BD2A3F6B83007FDAC9 /* StatisticViewController.swift */,
			);
			path = StatisticViewController;
			sourceTree = "<group>";
		};
		3D7BF5C12A3F6C6F007FDAC9 /* TabBarController */ = {
			isa = PBXGroup;
			children = (
				3D7BF5BB2A3F636C007FDAC9 /* TabBarController.swift */,
			);
			path = TabBarController;
			sourceTree = "<group>";
		};
		3D7BF5C22A3F6C81007FDAC9 /* App Life Cycle Controllers */ = {
			isa = PBXGroup;
			children = (
				3DEA00DF2A3B280300CE2402 /* AppDelegate.swift */,
				3DEA00E12A3B280300CE2402 /* SceneDelegate.swift */,
				3D5EA9802A76790B0054CEDC /* AppInitialConfiguration.swift */,
			);
			path = "App Life Cycle Controllers";
			sourceTree = "<group>";
		};
		3D7BF5C32A3F6CB9007FDAC9 /* Helpers */ = {
			isa = PBXGroup;
			children = (
				3D7BF5C62A3FA9FC007FDAC9 /* UIColor+Extension.swift */,
				3DB121B72A44B60200CA2EEC /* UITextField+Extensions.swift */,
				3D6A7D952A7BCDF200047C69 /* Strings.swift */,
				3DB172AD2A42FB7C0043A3F1 /* Constants.swift */,
				3DB998D32A46F8B900EC9069 /* String+Extension.swift */,
				3DC0BC372A69C237008C1080 /* Observable.swift */,
			);
			path = Helpers;
			sourceTree = "<group>";
		};
		3DB121BF2A44F0EB00CA2EEC /* NewTrackerTypeChoosingViewController */ = {
			isa = PBXGroup;
			children = (
				3D44CA0D2A4381E600B7AF05 /* NewTrackerTypeChoosingViewController.swift */,
			);
			path = NewTrackerTypeChoosingViewController;
			sourceTree = "<group>";
		};
		3DB121C02A44F10A00CA2EEC /* NewTrackerViewController */ = {
			isa = PBXGroup;
			children = (
				3D44CA0F2A43998600B7AF05 /* NewTrackerViewController.swift */,
				3DEBA5552A6BAAE6008D31A4 /* NewTrackerViewModel.swift */,
				3D5EA97E2A7664B40054CEDC /* ListCollectionViewCell.swift */,
				3D6556EA2A4E2329008C1241 /* CollectionViewCell.swift */,
			);
			path = NewTrackerViewController;
			sourceTree = "<group>";
		};
		3DB121C12A44F11400CA2EEC /* ScheduleViewController */ = {
			isa = PBXGroup;
			children = (
				3DB121BD2A44DDED00CA2EEC /* ScheduleViewController.swift */,
				3DEBA5572A6BC5F5008D31A4 /* ScheduleViewModel.swift */,
			);
			path = ScheduleViewController;
			sourceTree = "<group>";
		};
		3DB121C22A44F12200CA2EEC /* Views */ = {
			isa = PBXGroup;
			children = (
				3DB121B92A44C1A600CA2EEC /* ListView.swift */,
				3DEBA5592A6BC6F6008D31A4 /* ListViewModel.swift */,
				3DB121BB2A44D72100CA2EEC /* PrimaryButton.swift */,
			);
			path = Views;
			sourceTree = "<group>";
		};
		3DB172AF2A43012D0043A3F1 /* Models */ = {
			isa = PBXGroup;
			children = (
				3DB172B02A4301400043A3F1 /* Tracker.swift */,
				3DB172B22A43015A0043A3F1 /* TrackerCategory.swift */,
				3DB172B42A4301780043A3F1 /* TrackerRecord.swift */,
			);
			path = Models;
			sourceTree = "<group>";
		};
		3DEA00D32A3B280300CE2402 = {
			isa = PBXGroup;
			children = (
				3DEA00DE2A3B280300CE2402 /* Daily Habits */,
				3D069E832A822E82005AD9A9 /* Daily Habits ScreenshotTests */,
				3DEA00DD2A3B280300CE2402 /* Products */,
				3D069E912A8232DF005AD9A9 /* Frameworks */,
			);
			sourceTree = "<group>";
		};
		3DEA00DD2A3B280300CE2402 /* Products */ = {
			isa = PBXGroup;
			children = (
				3DEA00DC2A3B280300CE2402 /* Daily Habits.app */,
				3D069E822A822E82005AD9A9 /* Daily Habits ScreenshotTests.xctest */,
			);
			name = Products;
			sourceTree = "<group>";
		};
		3DEA00DE2A3B280300CE2402 /* Daily Habits */ = {
			isa = PBXGroup;
			children = (
				3D7BF5C22A3F6C81007FDAC9 /* App Life Cycle Controllers */,
				3D3D03422A67B04D0073DE2C /* OnboardingViewController */,
				3D7BF5C12A3F6C6F007FDAC9 /* TabBarController */,
				3D7BF5BF2A3F6C35007FDAC9 /* TrackersViewController */,
				3DB121C22A44F12200CA2EEC /* Views */,
				3DB172AF2A43012D0043A3F1 /* Models */,
				3D7BF5C02A3F6C49007FDAC9 /* StatisticViewController */,
				3D7BF5C32A3F6CB9007FDAC9 /* Helpers */,
				3D662C672A56133900148E76 /* CoreData */,
				3D6A7D942A7BCDD800047C69 /* Resources */,
				3D6A7DA02A7BE48D00047C69 /* Info.plist */,
			);
			path = "Daily Habits";
			sourceTree = "<group>";
		};
/* End PBXGroup section */

/* Begin PBXNativeTarget section */
		3D069E812A822E82005AD9A9 /* Daily Habits ScreenshotTests */ = {
			isa = PBXNativeTarget;
			buildConfigurationList = 3D069E882A822E82005AD9A9 /* Build configuration list for PBXNativeTarget "Daily Habits ScreenshotTests" */;
			buildPhases = (
				3D069E7E2A822E82005AD9A9 /* Sources */,
				3D069E7F2A822E82005AD9A9 /* Frameworks */,
				3D069E802A822E82005AD9A9 /* Resources */,
			);
			buildRules = (
			);
			dependencies = (
				3D069E872A822E82005AD9A9 /* PBXTargetDependency */,
			);
			name = "Daily Habits ScreenshotTests";
			packageProductDependencies = (
				3D069E922A8232DF005AD9A9 /* SnapshotTesting */,
			);
			productName = "Daily Habits ScreenshotTests";
			productReference = 3D069E822A822E82005AD9A9 /* Daily Habits ScreenshotTests.xctest */;
			productType = "com.apple.product-type.bundle.unit-test";
		};
		3DEA00DB2A3B280300CE2402 /* Daily Habits */ = {
			isa = PBXNativeTarget;
			buildConfigurationList = 3DEA00F02A3B280300CE2402 /* Build configuration list for PBXNativeTarget "Daily Habits" */;
			buildPhases = (
				3DEA00D82A3B280300CE2402 /* Sources */,
				3DEA00D92A3B280300CE2402 /* Frameworks */,
				3DEA00DA2A3B280300CE2402 /* Resources */,
			);
			buildRules = (
			);
			dependencies = (
			);
			name = "Daily Habits";
			packageProductDependencies = (
			);
			productName = "Daily Habits";
			productReference = 3DEA00DC2A3B280300CE2402 /* Daily Habits.app */;
			productType = "com.apple.product-type.application";
		};
/* End PBXNativeTarget section */

/* Begin PBXProject section */
		3DEA00D42A3B280300CE2402 /* Project object */ = {
			isa = PBXProject;
			attributes = {
				BuildIndependentTargetsInParallel = 1;
				LastSwiftUpdateCheck = 1430;
				LastUpgradeCheck = 1430;
				TargetAttributes = {
					3D069E812A822E82005AD9A9 = {
						CreatedOnToolsVersion = 14.3.1;
						TestTargetID = 3DEA00DB2A3B280300CE2402;
					};
					3DEA00DB2A3B280300CE2402 = {
						CreatedOnToolsVersion = 14.3;
					};
				};
			};
			buildConfigurationList = 3DEA00D72A3B280300CE2402 /* Build configuration list for PBXProject "Daily Habits" */;
			compatibilityVersion = "Xcode 14.0";
			developmentRegion = en;
			hasScannedForEncodings = 0;
			knownRegions = (
				en,
				Base,
				ru,
				es,
			);
			mainGroup = 3DEA00D32A3B280300CE2402;
			packageReferences = (
				3D069E7B2A822E57005AD9A9 /* XCRemoteSwiftPackageReference "swift-snapshot-testing" */,
			);
			productRefGroup = 3DEA00DD2A3B280300CE2402 /* Products */;
			projectDirPath = "";
			projectRoot = "";
			targets = (
				3DEA00DB2A3B280300CE2402 /* Daily Habits */,
				3D069E812A822E82005AD9A9 /* Daily Habits ScreenshotTests */,
			);
		};
/* End PBXProject section */

/* Begin PBXResourcesBuildPhase section */
		3D069E802A822E82005AD9A9 /* Resources */ = {
			isa = PBXResourcesBuildPhase;
			buildActionMask = 2147483647;
			files = (
			);
			runOnlyForDeploymentPostprocessing = 0;
		};
		3DEA00DA2A3B280300CE2402 /* Resources */ = {
			isa = PBXResourcesBuildPhase;
			buildActionMask = 2147483647;
			files = (
				3DEA00EC2A3B280300CE2402 /* LaunchScreen.storyboard in Resources */,
				3DFF187E2A7C3A2900283264 /* Localizable.stringsdict in Resources */,
				3D6A7D9B2A7BDE9F00047C69 /* Localizable.strings in Resources */,
				3DEA00E92A3B280300CE2402 /* Assets.xcassets in Resources */,
			);
			runOnlyForDeploymentPostprocessing = 0;
		};
/* End PBXResourcesBuildPhase section */

/* Begin PBXSourcesBuildPhase section */
		3D069E7E2A822E82005AD9A9 /* Sources */ = {
			isa = PBXSourcesBuildPhase;
			buildActionMask = 2147483647;
			files = (
				3D069E852A822E82005AD9A9 /* Daily_Habits_ScreenshotTests.swift in Sources */,
				3D069E902A82300B005AD9A9 /* RecordsControllerStub.swift in Sources */,
				3D069E8E2A822FAD005AD9A9 /* CategoriesControllerStub.swift in Sources */,
			);
			runOnlyForDeploymentPostprocessing = 0;
		};
		3DEA00D82A3B280300CE2402 /* Sources */ = {
			isa = PBXSourcesBuildPhase;
			buildActionMask = 2147483647;
			files = (
				3D7BF5C72A3FA9FC007FDAC9 /* UIColor+Extension.swift in Sources */,
				3DEA00E42A3B280300CE2402 /* TrackersViewController.swift in Sources */,
				3DB121BE2A44DDED00CA2EEC /* ScheduleViewController.swift in Sources */,
				3D4011062A45AA290015928E /* CategoryViewController.swift in Sources */,
				3DC0BC382A69C237008C1080 /* Observable.swift in Sources */,
				3D7BF5BC2A3F636C007FDAC9 /* TabBarController.swift in Sources */,
				3D2A10F82A58937000AC7296 /* TrackerRecordStore.swift in Sources */,
				3DB172B52A4301780043A3F1 /* TrackerRecord.swift in Sources */,
				3D72686A2A693EE900540D6B /* CategoryViewModel.swift in Sources */,
				3D17BC752A727B6C00652304 /* TrackersCollectionViewUpdate.swift in Sources */,
				3D6556EB2A4E2329008C1241 /* CollectionViewCell.swift in Sources */,
				3D3D03462A67B10D0073DE2C /* OnboardingViewController.swift in Sources */,
				3DB172B12A4301400043A3F1 /* Tracker.swift in Sources */,
				3DB172B32A43015A0043A3F1 /* TrackerCategory.swift in Sources */,
				3DB998D42A46F8B900EC9069 /* String+Extension.swift in Sources */,
				3D204E732A5DEA8C007A6376 /* TrackerDataController.swift in Sources */,
				3D5EA9812A76790B0054CEDC /* AppInitialConfiguration.swift in Sources */,
				3DE04A722A4791BC00AA623B /* CardCellViewModel.swift in Sources */,
				3D7268682A692EAD00540D6B /* NewCategoryViewController.swift in Sources */,
				3DCC16722A60AFFD0061F75D /* CoreDataModel.xcdatamodeld in Sources */,
				3DEA00E02A3B280300CE2402 /* AppDelegate.swift in Sources */,
				3D5EA97F2A7664B40054CEDC /* ListCollectionViewCell.swift in Sources */,
				3D7268662A686B2200540D6B /* CategoryTableViewCell.swift in Sources */,
				3DE22DE02A6C467F00C80730 /* TrackersViewModel.swift in Sources */,
				3DB121BA2A44C1A600CA2EEC /* ListView.swift in Sources */,
				3D662C692A56135600148E76 /* TrackerStore.swift in Sources */,
				3DB121B82A44B60200CA2EEC /* UITextField+Extensions.swift in Sources */,
				3D2A10F62A58932C00AC7296 /* TrackerCategoryStore.swift in Sources */,
				3DEBA5562A6BAAE6008D31A4 /* NewTrackerViewModel.swift in Sources */,
				3D204E752A5EC828007A6376 /* TrackerCategoryStoreUpdate.swift in Sources */,
				3D4011032A45A4720015928E /* HeaderCollectionReusableView.swift in Sources */,
				3D2998332A40D4C300B42278 /* CardCollectionViewCell.swift in Sources */,
				3DEBA5582A6BC5F5008D31A4 /* ScheduleViewModel.swift in Sources */,
				3D351BBB2A74170800BDF635 /* CategoryCellModel.swift in Sources */,
				3D6A7D962A7BCDF200047C69 /* Strings.swift in Sources */,
				3D3D03442A67B0740073DE2C /* OnboardingPageViewController.swift in Sources */,
				3D7BF5BE2A3F6B83007FDAC9 /* StatisticViewController.swift in Sources */,
				3D44CA102A43998600B7AF05 /* NewTrackerViewController.swift in Sources */,
				3DEA00E22A3B280300CE2402 /* SceneDelegate.swift in Sources */,
				3D44CA0E2A4381E600B7AF05 /* NewTrackerTypeChoosingViewController.swift in Sources */,
				3DEBA55A2A6BC6F6008D31A4 /* ListViewModel.swift in Sources */,
				3D204E712A5DE3D6007A6376 /* CoreDataPersistentContainer.swift in Sources */,
				3DB121BC2A44D72100CA2EEC /* PrimaryButton.swift in Sources */,
				3DB172AE2A42FB7C0043A3F1 /* Constants.swift in Sources */,
			);
			runOnlyForDeploymentPostprocessing = 0;
		};
/* End PBXSourcesBuildPhase section */

/* Begin PBXTargetDependency section */
		3D069E872A822E82005AD9A9 /* PBXTargetDependency */ = {
			isa = PBXTargetDependency;
			target = 3DEA00DB2A3B280300CE2402 /* Daily Habits */;
			targetProxy = 3D069E862A822E82005AD9A9 /* PBXContainerItemProxy */;
		};
/* End PBXTargetDependency section */

/* Begin PBXVariantGroup section */
		3D6A7D9D2A7BDE9F00047C69 /* Localizable.strings */ = {
			isa = PBXVariantGroup;
			children = (
				3D6A7D9C2A7BDE9F00047C69 /* en */,
				3D6A7D9E2A7BDEA200047C69 /* ru */,
				3D6A7D9F2A7BDEA300047C69 /* es */,
			);
			name = Localizable.strings;
			sourceTree = "<group>";
		};
		3DEA00EA2A3B280300CE2402 /* LaunchScreen.storyboard */ = {
			isa = PBXVariantGroup;
			children = (
				3DEA00EB2A3B280300CE2402 /* Base */,
				3D6A7D972A7BCE3700047C69 /* ru */,
				3D6A7D982A7BCE4000047C69 /* es */,
			);
			name = LaunchScreen.storyboard;
			sourceTree = "<group>";
		};
		3DFF18802A7C3A2900283264 /* Localizable.stringsdict */ = {
			isa = PBXVariantGroup;
			children = (
				3DFF187F2A7C3A2900283264 /* en */,
				3DFF18812A7C3A2C00283264 /* ru */,
				3DFF18822A7C3A2E00283264 /* es */,
			);
			name = Localizable.stringsdict;
			sourceTree = "<group>";
		};
/* End PBXVariantGroup section */

/* Begin XCBuildConfiguration section */
		3D069E892A822E82005AD9A9 /* Debug */ = {
			isa = XCBuildConfiguration;
			buildSettings = {
				BUNDLE_LOADER = "$(TEST_HOST)";
				CODE_SIGN_STYLE = Automatic;
				CURRENT_PROJECT_VERSION = 1;
				DEVELOPMENT_TEAM = WEZ4D5M6R9;
				GENERATE_INFOPLIST_FILE = YES;
				MARKETING_VERSION = 1.0;
				PRODUCT_BUNDLE_IDENTIFIER = "com.vadimkuzmin.Daily-Habits-ScreenshotTests";
				PRODUCT_NAME = "$(TARGET_NAME)";
				SWIFT_EMIT_LOC_STRINGS = NO;
				SWIFT_VERSION = 5.0;
				TARGETED_DEVICE_FAMILY = "1,2";
				TEST_HOST = "$(BUILT_PRODUCTS_DIR)/Daily Habits.app/$(BUNDLE_EXECUTABLE_FOLDER_PATH)/Daily Habits";
			};
			name = Debug;
		};
		3D069E8A2A822E82005AD9A9 /* Release */ = {
			isa = XCBuildConfiguration;
			buildSettings = {
				BUNDLE_LOADER = "$(TEST_HOST)";
				CODE_SIGN_STYLE = Automatic;
				CURRENT_PROJECT_VERSION = 1;
				DEVELOPMENT_TEAM = WEZ4D5M6R9;
				GENERATE_INFOPLIST_FILE = YES;
				MARKETING_VERSION = 1.0;
				PRODUCT_BUNDLE_IDENTIFIER = "com.vadimkuzmin.Daily-Habits-ScreenshotTests";
				PRODUCT_NAME = "$(TARGET_NAME)";
				SWIFT_EMIT_LOC_STRINGS = NO;
				SWIFT_VERSION = 5.0;
				TARGETED_DEVICE_FAMILY = "1,2";
				TEST_HOST = "$(BUILT_PRODUCTS_DIR)/Daily Habits.app/$(BUNDLE_EXECUTABLE_FOLDER_PATH)/Daily Habits";
			};
			name = Release;
		};
		3DEA00EE2A3B280300CE2402 /* Debug */ = {
			isa = XCBuildConfiguration;
			buildSettings = {
				ALWAYS_SEARCH_USER_PATHS = NO;
				CLANG_ANALYZER_LOCALIZABILITY_NONLOCALIZED = YES;
				CLANG_ANALYZER_NONNULL = YES;
				CLANG_ANALYZER_NUMBER_OBJECT_CONVERSION = YES_AGGRESSIVE;
				CLANG_CXX_LANGUAGE_STANDARD = "gnu++20";
				CLANG_ENABLE_MODULES = YES;
				CLANG_ENABLE_OBJC_ARC = YES;
				CLANG_ENABLE_OBJC_WEAK = YES;
				CLANG_WARN_BLOCK_CAPTURE_AUTORELEASING = YES;
				CLANG_WARN_BOOL_CONVERSION = YES;
				CLANG_WARN_COMMA = YES;
				CLANG_WARN_CONSTANT_CONVERSION = YES;
				CLANG_WARN_DEPRECATED_OBJC_IMPLEMENTATIONS = YES;
				CLANG_WARN_DIRECT_OBJC_ISA_USAGE = YES_ERROR;
				CLANG_WARN_DOCUMENTATION_COMMENTS = YES;
				CLANG_WARN_EMPTY_BODY = YES;
				CLANG_WARN_ENUM_CONVERSION = YES;
				CLANG_WARN_INFINITE_RECURSION = YES;
				CLANG_WARN_INT_CONVERSION = YES;
				CLANG_WARN_NON_LITERAL_NULL_CONVERSION = YES;
				CLANG_WARN_OBJC_IMPLICIT_RETAIN_SELF = YES;
				CLANG_WARN_OBJC_LITERAL_CONVERSION = YES;
				CLANG_WARN_OBJC_ROOT_CLASS = YES_ERROR;
				CLANG_WARN_QUOTED_INCLUDE_IN_FRAMEWORK_HEADER = YES;
				CLANG_WARN_RANGE_LOOP_ANALYSIS = YES;
				CLANG_WARN_STRICT_PROTOTYPES = YES;
				CLANG_WARN_SUSPICIOUS_MOVE = YES;
				CLANG_WARN_UNGUARDED_AVAILABILITY = YES_AGGRESSIVE;
				CLANG_WARN_UNREACHABLE_CODE = YES;
				CLANG_WARN__DUPLICATE_METHOD_MATCH = YES;
				COPY_PHASE_STRIP = NO;
				DEBUG_INFORMATION_FORMAT = dwarf;
				ENABLE_STRICT_OBJC_MSGSEND = YES;
				ENABLE_TESTABILITY = YES;
				GCC_C_LANGUAGE_STANDARD = gnu11;
				GCC_DYNAMIC_NO_PIC = NO;
				GCC_NO_COMMON_BLOCKS = YES;
				GCC_OPTIMIZATION_LEVEL = 0;
				GCC_PREPROCESSOR_DEFINITIONS = (
					"DEBUG=1",
					"$(inherited)",
				);
				GCC_WARN_64_TO_32_BIT_CONVERSION = YES;
				GCC_WARN_ABOUT_RETURN_TYPE = YES_ERROR;
				GCC_WARN_UNDECLARED_SELECTOR = YES;
				GCC_WARN_UNINITIALIZED_AUTOS = YES_AGGRESSIVE;
				GCC_WARN_UNUSED_FUNCTION = YES;
				GCC_WARN_UNUSED_VARIABLE = YES;
				IPHONEOS_DEPLOYMENT_TARGET = 16.4;
				MTL_ENABLE_DEBUG_INFO = INCLUDE_SOURCE;
				MTL_FAST_MATH = YES;
				ONLY_ACTIVE_ARCH = YES;
				SDKROOT = iphoneos;
				SWIFT_ACTIVE_COMPILATION_CONDITIONS = DEBUG;
				SWIFT_OPTIMIZATION_LEVEL = "-Onone";
			};
			name = Debug;
		};
		3DEA00EF2A3B280300CE2402 /* Release */ = {
			isa = XCBuildConfiguration;
			buildSettings = {
				ALWAYS_SEARCH_USER_PATHS = NO;
				CLANG_ANALYZER_LOCALIZABILITY_NONLOCALIZED = YES;
				CLANG_ANALYZER_NONNULL = YES;
				CLANG_ANALYZER_NUMBER_OBJECT_CONVERSION = YES_AGGRESSIVE;
				CLANG_CXX_LANGUAGE_STANDARD = "gnu++20";
				CLANG_ENABLE_MODULES = YES;
				CLANG_ENABLE_OBJC_ARC = YES;
				CLANG_ENABLE_OBJC_WEAK = YES;
				CLANG_WARN_BLOCK_CAPTURE_AUTORELEASING = YES;
				CLANG_WARN_BOOL_CONVERSION = YES;
				CLANG_WARN_COMMA = YES;
				CLANG_WARN_CONSTANT_CONVERSION = YES;
				CLANG_WARN_DEPRECATED_OBJC_IMPLEMENTATIONS = YES;
				CLANG_WARN_DIRECT_OBJC_ISA_USAGE = YES_ERROR;
				CLANG_WARN_DOCUMENTATION_COMMENTS = YES;
				CLANG_WARN_EMPTY_BODY = YES;
				CLANG_WARN_ENUM_CONVERSION = YES;
				CLANG_WARN_INFINITE_RECURSION = YES;
				CLANG_WARN_INT_CONVERSION = YES;
				CLANG_WARN_NON_LITERAL_NULL_CONVERSION = YES;
				CLANG_WARN_OBJC_IMPLICIT_RETAIN_SELF = YES;
				CLANG_WARN_OBJC_LITERAL_CONVERSION = YES;
				CLANG_WARN_OBJC_ROOT_CLASS = YES_ERROR;
				CLANG_WARN_QUOTED_INCLUDE_IN_FRAMEWORK_HEADER = YES;
				CLANG_WARN_RANGE_LOOP_ANALYSIS = YES;
				CLANG_WARN_STRICT_PROTOTYPES = YES;
				CLANG_WARN_SUSPICIOUS_MOVE = YES;
				CLANG_WARN_UNGUARDED_AVAILABILITY = YES_AGGRESSIVE;
				CLANG_WARN_UNREACHABLE_CODE = YES;
				CLANG_WARN__DUPLICATE_METHOD_MATCH = YES;
				COPY_PHASE_STRIP = NO;
				DEBUG_INFORMATION_FORMAT = "dwarf-with-dsym";
				ENABLE_NS_ASSERTIONS = NO;
				ENABLE_STRICT_OBJC_MSGSEND = YES;
				GCC_C_LANGUAGE_STANDARD = gnu11;
				GCC_NO_COMMON_BLOCKS = YES;
				GCC_WARN_64_TO_32_BIT_CONVERSION = YES;
				GCC_WARN_ABOUT_RETURN_TYPE = YES_ERROR;
				GCC_WARN_UNDECLARED_SELECTOR = YES;
				GCC_WARN_UNINITIALIZED_AUTOS = YES_AGGRESSIVE;
				GCC_WARN_UNUSED_FUNCTION = YES;
				GCC_WARN_UNUSED_VARIABLE = YES;
				IPHONEOS_DEPLOYMENT_TARGET = 16.4;
				MTL_ENABLE_DEBUG_INFO = NO;
				MTL_FAST_MATH = YES;
				SDKROOT = iphoneos;
				SWIFT_COMPILATION_MODE = wholemodule;
				SWIFT_OPTIMIZATION_LEVEL = "-O";
				VALIDATE_PRODUCT = YES;
			};
			name = Release;
		};
		3DEA00F12A3B280300CE2402 /* Debug */ = {
			isa = XCBuildConfiguration;
			buildSettings = {
				ASSETCATALOG_COMPILER_APPICON_NAME = AppIcon;
				ASSETCATALOG_COMPILER_GLOBAL_ACCENT_COLOR_NAME = AccentColor;
				CODE_SIGN_STYLE = Automatic;
				CURRENT_PROJECT_VERSION = 1;
				DEVELOPMENT_TEAM = WEZ4D5M6R9;
				GENERATE_INFOPLIST_FILE = YES;
				INFOPLIST_FILE = "Daily Habits/Info.plist";
				INFOPLIST_KEY_UIApplicationSupportsIndirectInputEvents = YES;
				INFOPLIST_KEY_UILaunchStoryboardName = LaunchScreen;
				INFOPLIST_KEY_UISupportedInterfaceOrientations = UIInterfaceOrientationPortrait;
				INFOPLIST_KEY_UISupportedInterfaceOrientations_iPad = "UIInterfaceOrientationLandscapeLeft UIInterfaceOrientationLandscapeRight UIInterfaceOrientationPortrait UIInterfaceOrientationPortraitUpsideDown";
				IPHONEOS_DEPLOYMENT_TARGET = 13.4;
				LD_RUNPATH_SEARCH_PATHS = (
					"$(inherited)",
					"@executable_path/Frameworks",
				);
				MARKETING_VERSION = 1.0;
				PRODUCT_BUNDLE_IDENTIFIER = "com.vadimkuzmin.Daily-Habits";
				PRODUCT_NAME = "$(TARGET_NAME)";
				SUPPORTED_PLATFORMS = "iphoneos iphonesimulator";
				SUPPORTS_MACCATALYST = NO;
				SUPPORTS_MAC_DESIGNED_FOR_IPHONE_IPAD = NO;
				SWIFT_EMIT_LOC_STRINGS = YES;
				SWIFT_VERSION = 5.0;
				TARGETED_DEVICE_FAMILY = 1;
			};
			name = Debug;
		};
		3DEA00F22A3B280300CE2402 /* Release */ = {
			isa = XCBuildConfiguration;
			buildSettings = {
				ASSETCATALOG_COMPILER_APPICON_NAME = AppIcon;
				ASSETCATALOG_COMPILER_GLOBAL_ACCENT_COLOR_NAME = AccentColor;
				CODE_SIGN_STYLE = Automatic;
				CURRENT_PROJECT_VERSION = 1;
				DEVELOPMENT_TEAM = WEZ4D5M6R9;
				GENERATE_INFOPLIST_FILE = YES;
				INFOPLIST_FILE = "Daily Habits/Info.plist";
				INFOPLIST_KEY_UIApplicationSupportsIndirectInputEvents = YES;
				INFOPLIST_KEY_UILaunchStoryboardName = LaunchScreen;
				INFOPLIST_KEY_UISupportedInterfaceOrientations = UIInterfaceOrientationPortrait;
				INFOPLIST_KEY_UISupportedInterfaceOrientations_iPad = "UIInterfaceOrientationLandscapeLeft UIInterfaceOrientationLandscapeRight UIInterfaceOrientationPortrait UIInterfaceOrientationPortraitUpsideDown";
				IPHONEOS_DEPLOYMENT_TARGET = 13.4;
				LD_RUNPATH_SEARCH_PATHS = (
					"$(inherited)",
					"@executable_path/Frameworks",
				);
				MARKETING_VERSION = 1.0;
				PRODUCT_BUNDLE_IDENTIFIER = "com.vadimkuzmin.Daily-Habits";
				PRODUCT_NAME = "$(TARGET_NAME)";
				SUPPORTED_PLATFORMS = "iphoneos iphonesimulator";
				SUPPORTS_MACCATALYST = NO;
				SUPPORTS_MAC_DESIGNED_FOR_IPHONE_IPAD = NO;
				SWIFT_EMIT_LOC_STRINGS = YES;
				SWIFT_VERSION = 5.0;
				TARGETED_DEVICE_FAMILY = 1;
			};
			name = Release;
		};
/* End XCBuildConfiguration section */

/* Begin XCConfigurationList section */
		3D069E882A822E82005AD9A9 /* Build configuration list for PBXNativeTarget "Daily Habits ScreenshotTests" */ = {
			isa = XCConfigurationList;
			buildConfigurations = (
				3D069E892A822E82005AD9A9 /* Debug */,
				3D069E8A2A822E82005AD9A9 /* Release */,
			);
			defaultConfigurationIsVisible = 0;
			defaultConfigurationName = Release;
		};
		3DEA00D72A3B280300CE2402 /* Build configuration list for PBXProject "Daily Habits" */ = {
			isa = XCConfigurationList;
			buildConfigurations = (
				3DEA00EE2A3B280300CE2402 /* Debug */,
				3DEA00EF2A3B280300CE2402 /* Release */,
			);
			defaultConfigurationIsVisible = 0;
			defaultConfigurationName = Release;
		};
		3DEA00F02A3B280300CE2402 /* Build configuration list for PBXNativeTarget "Daily Habits" */ = {
			isa = XCConfigurationList;
			buildConfigurations = (
				3DEA00F12A3B280300CE2402 /* Debug */,
				3DEA00F22A3B280300CE2402 /* Release */,
			);
			defaultConfigurationIsVisible = 0;
			defaultConfigurationName = Release;
		};
/* End XCConfigurationList section */

/* Begin XCRemoteSwiftPackageReference section */
		3D069E7B2A822E57005AD9A9 /* XCRemoteSwiftPackageReference "swift-snapshot-testing" */ = {
			isa = XCRemoteSwiftPackageReference;
			repositoryURL = "https://github.com/pointfreeco/swift-snapshot-testing";
			requirement = {
				kind = upToNextMajorVersion;
				minimumVersion = 1.0.0;
			};
		};
/* End XCRemoteSwiftPackageReference section */

/* Begin XCSwiftPackageProductDependency section */
		3D069E922A8232DF005AD9A9 /* SnapshotTesting */ = {
			isa = XCSwiftPackageProductDependency;
			package = 3D069E7B2A822E57005AD9A9 /* XCRemoteSwiftPackageReference "swift-snapshot-testing" */;
			productName = SnapshotTesting;
		};
/* End XCSwiftPackageProductDependency section */

/* Begin XCVersionGroup section */
		3DCC16702A60AFFD0061F75D /* CoreDataModel.xcdatamodeld */ = {
			isa = XCVersionGroup;
			children = (
				3DCC16712A60AFFD0061F75D /* CoreDataModel.xcdatamodel */,
			);
			currentVersion = 3DCC16712A60AFFD0061F75D /* CoreDataModel.xcdatamodel */;
			path = CoreDataModel.xcdatamodeld;
			sourceTree = "<group>";
			versionGroupType = wrapper.xcdatamodel;
		};
/* End XCVersionGroup section */
	};
	rootObject = 3DEA00D42A3B280300CE2402 /* Project object */;
}
