// !$*UTF8*$!
{
	archiveVersion = 1;
	classes = {
	};
	objectVersion = 56;
	objects = {

/* Begin PBXBuildFile section */
		3D204E712A5DE3D6007A6376 /* CoreDataPersistentContainer.swift in Sources */ = {isa = PBXBuildFile; fileRef = 3D204E702A5DE3D6007A6376 /* CoreDataPersistentContainer.swift */; };
		3D204E732A5DEA8C007A6376 /* TrackerDataController.swift in Sources */ = {isa = PBXBuildFile; fileRef = 3D204E722A5DEA8C007A6376 /* TrackerDataController.swift */; };
		3D204E752A5EC828007A6376 /* TrackerCategoryStoreUpdate.swift in Sources */ = {isa = PBXBuildFile; fileRef = 3D204E742A5EC828007A6376 /* TrackerCategoryStoreUpdate.swift */; };
		3D2998332A40D4C300B42278 /* CardCollectionViewCell.swift in Sources */ = {isa = PBXBuildFile; fileRef = 3D2998322A40D4C300B42278 /* CardCollectionViewCell.swift */; };
		3D2A10F62A58932C00AC7296 /* TrackerCategoryStore.swift in Sources */ = {isa = PBXBuildFile; fileRef = 3D2A10F52A58932C00AC7296 /* TrackerCategoryStore.swift */; };
		3D2A10F82A58937000AC7296 /* TrackerRecordStore.swift in Sources */ = {isa = PBXBuildFile; fileRef = 3D2A10F72A58937000AC7296 /* TrackerRecordStore.swift */; };
		3D3D03442A67B0740073DE2C /* OnboardingPageViewController.swift in Sources */ = {isa = PBXBuildFile; fileRef = 3D3D03432A67B0740073DE2C /* OnboardingPageViewController.swift */; };
		3D3D03462A67B10D0073DE2C /* OnboardingFirstViewController.swift in Sources */ = {isa = PBXBuildFile; fileRef = 3D3D03452A67B10D0073DE2C /* OnboardingFirstViewController.swift */; };
		3D4011032A45A4720015928E /* HeaderCollectionReusableView.swift in Sources */ = {isa = PBXBuildFile; fileRef = 3D4011022A45A4720015928E /* HeaderCollectionReusableView.swift */; };
		3D4011062A45AA290015928E /* CategoryViewController.swift in Sources */ = {isa = PBXBuildFile; fileRef = 3D4011052A45AA290015928E /* CategoryViewController.swift */; };
		3D44CA0E2A4381E600B7AF05 /* NewTrackerTypeChoosingViewController.swift in Sources */ = {isa = PBXBuildFile; fileRef = 3D44CA0D2A4381E600B7AF05 /* NewTrackerTypeChoosingViewController.swift */; };
		3D44CA102A43998600B7AF05 /* NewTrackerViewController.swift in Sources */ = {isa = PBXBuildFile; fileRef = 3D44CA0F2A43998600B7AF05 /* NewTrackerViewController.swift */; };
		3D6556EB2A4E2329008C1241 /* CollectionViewCell.swift in Sources */ = {isa = PBXBuildFile; fileRef = 3D6556EA2A4E2329008C1241 /* CollectionViewCell.swift */; };
		3D662C692A56135600148E76 /* TrackerStore.swift in Sources */ = {isa = PBXBuildFile; fileRef = 3D662C682A56135600148E76 /* TrackerStore.swift */; };
		3D7268662A686B2200540D6B /* CategoryTableViewCell.swift in Sources */ = {isa = PBXBuildFile; fileRef = 3D7268652A686B2200540D6B /* CategoryTableViewCell.swift */; };
		3D7268682A692EAD00540D6B /* NewCategoryViewController.swift in Sources */ = {isa = PBXBuildFile; fileRef = 3D7268672A692EAD00540D6B /* NewCategoryViewController.swift */; };
		3D7BF5BC2A3F636C007FDAC9 /* TabBarController.swift in Sources */ = {isa = PBXBuildFile; fileRef = 3D7BF5BB2A3F636C007FDAC9 /* TabBarController.swift */; };
		3D7BF5BE2A3F6B83007FDAC9 /* StatisticViewController.swift in Sources */ = {isa = PBXBuildFile; fileRef = 3D7BF5BD2A3F6B83007FDAC9 /* StatisticViewController.swift */; };
		3D7BF5C72A3FA9FC007FDAC9 /* UIColor+Extension.swift in Sources */ = {isa = PBXBuildFile; fileRef = 3D7BF5C62A3FA9FC007FDAC9 /* UIColor+Extension.swift */; };
		3DB121B82A44B60200CA2EEC /* UITextField+Extensions.swift in Sources */ = {isa = PBXBuildFile; fileRef = 3DB121B72A44B60200CA2EEC /* UITextField+Extensions.swift */; };
		3DB121BA2A44C1A600CA2EEC /* ListView.swift in Sources */ = {isa = PBXBuildFile; fileRef = 3DB121B92A44C1A600CA2EEC /* ListView.swift */; };
		3DB121BC2A44D72100CA2EEC /* PrimaryButton.swift in Sources */ = {isa = PBXBuildFile; fileRef = 3DB121BB2A44D72100CA2EEC /* PrimaryButton.swift */; };
		3DB121BE2A44DDED00CA2EEC /* ScheduleViewController.swift in Sources */ = {isa = PBXBuildFile; fileRef = 3DB121BD2A44DDED00CA2EEC /* ScheduleViewController.swift */; };
		3DB172AE2A42FB7C0043A3F1 /* Constants.swift in Sources */ = {isa = PBXBuildFile; fileRef = 3DB172AD2A42FB7C0043A3F1 /* Constants.swift */; };
		3DB172B12A4301400043A3F1 /* Tracker.swift in Sources */ = {isa = PBXBuildFile; fileRef = 3DB172B02A4301400043A3F1 /* Tracker.swift */; };
		3DB172B32A43015A0043A3F1 /* TrackerCategory.swift in Sources */ = {isa = PBXBuildFile; fileRef = 3DB172B22A43015A0043A3F1 /* TrackerCategory.swift */; };
		3DB172B52A4301780043A3F1 /* TrackerRecord.swift in Sources */ = {isa = PBXBuildFile; fileRef = 3DB172B42A4301780043A3F1 /* TrackerRecord.swift */; };
		3DB998D42A46F8B900EC9069 /* String+Extension.swift in Sources */ = {isa = PBXBuildFile; fileRef = 3DB998D32A46F8B900EC9069 /* String+Extension.swift */; };
		3DB998D82A474E1500EC9069 /* ListButton.swift in Sources */ = {isa = PBXBuildFile; fileRef = 3DB998D72A474E1400EC9069 /* ListButton.swift */; };
		3DCC16722A60AFFD0061F75D /* CoreDataModel.xcdatamodeld in Sources */ = {isa = PBXBuildFile; fileRef = 3DCC16702A60AFFD0061F75D /* CoreDataModel.xcdatamodeld */; };
		3DE04A722A4791BC00AA623B /* CardCellViewModel.swift in Sources */ = {isa = PBXBuildFile; fileRef = 3DE04A712A4791BC00AA623B /* CardCellViewModel.swift */; };
		3DEA00E02A3B280300CE2402 /* AppDelegate.swift in Sources */ = {isa = PBXBuildFile; fileRef = 3DEA00DF2A3B280300CE2402 /* AppDelegate.swift */; };
		3DEA00E22A3B280300CE2402 /* SceneDelegate.swift in Sources */ = {isa = PBXBuildFile; fileRef = 3DEA00E12A3B280300CE2402 /* SceneDelegate.swift */; };
		3DEA00E42A3B280300CE2402 /* TrackersViewController.swift in Sources */ = {isa = PBXBuildFile; fileRef = 3DEA00E32A3B280300CE2402 /* TrackersViewController.swift */; };
		3DEA00E92A3B280300CE2402 /* Assets.xcassets in Resources */ = {isa = PBXBuildFile; fileRef = 3DEA00E82A3B280300CE2402 /* Assets.xcassets */; };
		3DEA00EC2A3B280300CE2402 /* LaunchScreen.storyboard in Resources */ = {isa = PBXBuildFile; fileRef = 3DEA00EA2A3B280300CE2402 /* LaunchScreen.storyboard */; };
/* End PBXBuildFile section */

/* Begin PBXFileReference section */
		3D204E702A5DE3D6007A6376 /* CoreDataPersistentContainer.swift */ = {isa = PBXFileReference; lastKnownFileType = sourcecode.swift; path = CoreDataPersistentContainer.swift; sourceTree = "<group>"; };
		3D204E722A5DEA8C007A6376 /* TrackerDataController.swift */ = {isa = PBXFileReference; lastKnownFileType = sourcecode.swift; path = TrackerDataController.swift; sourceTree = "<group>"; };
		3D204E742A5EC828007A6376 /* TrackerCategoryStoreUpdate.swift */ = {isa = PBXFileReference; lastKnownFileType = sourcecode.swift; path = TrackerCategoryStoreUpdate.swift; sourceTree = "<group>"; };
		3D2998322A40D4C300B42278 /* CardCollectionViewCell.swift */ = {isa = PBXFileReference; lastKnownFileType = sourcecode.swift; path = CardCollectionViewCell.swift; sourceTree = "<group>"; };
		3D2A10F52A58932C00AC7296 /* TrackerCategoryStore.swift */ = {isa = PBXFileReference; lastKnownFileType = sourcecode.swift; path = TrackerCategoryStore.swift; sourceTree = "<group>"; };
		3D2A10F72A58937000AC7296 /* TrackerRecordStore.swift */ = {isa = PBXFileReference; lastKnownFileType = sourcecode.swift; path = TrackerRecordStore.swift; sourceTree = "<group>"; };
		3D3D03432A67B0740073DE2C /* OnboardingPageViewController.swift */ = {isa = PBXFileReference; lastKnownFileType = sourcecode.swift; path = OnboardingPageViewController.swift; sourceTree = "<group>"; };
		3D3D03452A67B10D0073DE2C /* OnboardingFirstViewController.swift */ = {isa = PBXFileReference; lastKnownFileType = sourcecode.swift; path = OnboardingFirstViewController.swift; sourceTree = "<group>"; };
		3D4011022A45A4720015928E /* HeaderCollectionReusableView.swift */ = {isa = PBXFileReference; lastKnownFileType = sourcecode.swift; path = HeaderCollectionReusableView.swift; sourceTree = "<group>"; };
		3D4011052A45AA290015928E /* CategoryViewController.swift */ = {isa = PBXFileReference; lastKnownFileType = sourcecode.swift; path = CategoryViewController.swift; sourceTree = "<group>"; };
		3D44CA0D2A4381E600B7AF05 /* NewTrackerTypeChoosingViewController.swift */ = {isa = PBXFileReference; lastKnownFileType = sourcecode.swift; path = NewTrackerTypeChoosingViewController.swift; sourceTree = "<group>"; };
		3D44CA0F2A43998600B7AF05 /* NewTrackerViewController.swift */ = {isa = PBXFileReference; lastKnownFileType = sourcecode.swift; path = NewTrackerViewController.swift; sourceTree = "<group>"; };
		3D6556EA2A4E2329008C1241 /* CollectionViewCell.swift */ = {isa = PBXFileReference; lastKnownFileType = sourcecode.swift; path = CollectionViewCell.swift; sourceTree = "<group>"; };
		3D662C682A56135600148E76 /* TrackerStore.swift */ = {isa = PBXFileReference; lastKnownFileType = sourcecode.swift; path = TrackerStore.swift; sourceTree = "<group>"; };
		3D7268652A686B2200540D6B /* CategoryTableViewCell.swift */ = {isa = PBXFileReference; lastKnownFileType = sourcecode.swift; path = CategoryTableViewCell.swift; sourceTree = "<group>"; };
		3D7268672A692EAD00540D6B /* NewCategoryViewController.swift */ = {isa = PBXFileReference; lastKnownFileType = sourcecode.swift; path = NewCategoryViewController.swift; sourceTree = "<group>"; };
		3D7BF5BB2A3F636C007FDAC9 /* TabBarController.swift */ = {isa = PBXFileReference; lastKnownFileType = sourcecode.swift; path = TabBarController.swift; sourceTree = "<group>"; };
		3D7BF5BD2A3F6B83007FDAC9 /* StatisticViewController.swift */ = {isa = PBXFileReference; lastKnownFileType = sourcecode.swift; path = StatisticViewController.swift; sourceTree = "<group>"; };
		3D7BF5C62A3FA9FC007FDAC9 /* UIColor+Extension.swift */ = {isa = PBXFileReference; lastKnownFileType = sourcecode.swift; path = "UIColor+Extension.swift"; sourceTree = "<group>"; };
		3DB121B72A44B60200CA2EEC /* UITextField+Extensions.swift */ = {isa = PBXFileReference; lastKnownFileType = sourcecode.swift; path = "UITextField+Extensions.swift"; sourceTree = "<group>"; };
		3DB121B92A44C1A600CA2EEC /* ListView.swift */ = {isa = PBXFileReference; lastKnownFileType = sourcecode.swift; path = ListView.swift; sourceTree = "<group>"; };
		3DB121BB2A44D72100CA2EEC /* PrimaryButton.swift */ = {isa = PBXFileReference; lastKnownFileType = sourcecode.swift; path = PrimaryButton.swift; sourceTree = "<group>"; };
		3DB121BD2A44DDED00CA2EEC /* ScheduleViewController.swift */ = {isa = PBXFileReference; lastKnownFileType = sourcecode.swift; path = ScheduleViewController.swift; sourceTree = "<group>"; };
		3DB172AD2A42FB7C0043A3F1 /* Constants.swift */ = {isa = PBXFileReference; lastKnownFileType = sourcecode.swift; path = Constants.swift; sourceTree = "<group>"; };
		3DB172B02A4301400043A3F1 /* Tracker.swift */ = {isa = PBXFileReference; lastKnownFileType = sourcecode.swift; path = Tracker.swift; sourceTree = "<group>"; };
		3DB172B22A43015A0043A3F1 /* TrackerCategory.swift */ = {isa = PBXFileReference; lastKnownFileType = sourcecode.swift; path = TrackerCategory.swift; sourceTree = "<group>"; };
		3DB172B42A4301780043A3F1 /* TrackerRecord.swift */ = {isa = PBXFileReference; lastKnownFileType = sourcecode.swift; path = TrackerRecord.swift; sourceTree = "<group>"; };
		3DB998D32A46F8B900EC9069 /* String+Extension.swift */ = {isa = PBXFileReference; lastKnownFileType = sourcecode.swift; path = "String+Extension.swift"; sourceTree = "<group>"; };
		3DB998D72A474E1400EC9069 /* ListButton.swift */ = {isa = PBXFileReference; lastKnownFileType = sourcecode.swift; path = ListButton.swift; sourceTree = "<group>"; };
		3DCC16712A60AFFD0061F75D /* CoreDataModel.xcdatamodel */ = {isa = PBXFileReference; lastKnownFileType = wrapper.xcdatamodel; path = CoreDataModel.xcdatamodel; sourceTree = "<group>"; };
		3DE04A712A4791BC00AA623B /* CardCellViewModel.swift */ = {isa = PBXFileReference; lastKnownFileType = sourcecode.swift; path = CardCellViewModel.swift; sourceTree = "<group>"; };
		3DEA00DC2A3B280300CE2402 /* Daily Habits.app */ = {isa = PBXFileReference; explicitFileType = wrapper.application; includeInIndex = 0; path = "Daily Habits.app"; sourceTree = BUILT_PRODUCTS_DIR; };
		3DEA00DF2A3B280300CE2402 /* AppDelegate.swift */ = {isa = PBXFileReference; lastKnownFileType = sourcecode.swift; path = AppDelegate.swift; sourceTree = "<group>"; };
		3DEA00E12A3B280300CE2402 /* SceneDelegate.swift */ = {isa = PBXFileReference; lastKnownFileType = sourcecode.swift; path = SceneDelegate.swift; sourceTree = "<group>"; };
		3DEA00E32A3B280300CE2402 /* TrackersViewController.swift */ = {isa = PBXFileReference; lastKnownFileType = sourcecode.swift; path = TrackersViewController.swift; sourceTree = "<group>"; };
		3DEA00E82A3B280300CE2402 /* Assets.xcassets */ = {isa = PBXFileReference; lastKnownFileType = folder.assetcatalog; path = Assets.xcassets; sourceTree = "<group>"; };
		3DEA00EB2A3B280300CE2402 /* Base */ = {isa = PBXFileReference; lastKnownFileType = file.storyboard; name = Base; path = Base.lproj/LaunchScreen.storyboard; sourceTree = "<group>"; };
		3DEA00ED2A3B280300CE2402 /* Info.plist */ = {isa = PBXFileReference; lastKnownFileType = text.plist.xml; path = Info.plist; sourceTree = "<group>"; };
/* End PBXFileReference section */

/* Begin PBXFrameworksBuildPhase section */
		3DEA00D92A3B280300CE2402 /* Frameworks */ = {
			isa = PBXFrameworksBuildPhase;
			buildActionMask = 2147483647;
			files = (
			);
			runOnlyForDeploymentPostprocessing = 0;
		};
/* End PBXFrameworksBuildPhase section */

/* Begin PBXGroup section */
		3D3D03422A67B04D0073DE2C /* OnboardingViewController */ = {
			isa = PBXGroup;
			children = (
				3D3D03432A67B0740073DE2C /* OnboardingPageViewController.swift */,
				3D3D03452A67B10D0073DE2C /* OnboardingFirstViewController.swift */,
			);
			path = OnboardingViewController;
			sourceTree = "<group>";
		};
		3D4011042A45AA0B0015928E /* CategoryViewController */ = {
			isa = PBXGroup;
			children = (
				3D4011052A45AA290015928E /* CategoryViewController.swift */,
				3D7268672A692EAD00540D6B /* NewCategoryViewController.swift */,
				3D7268652A686B2200540D6B /* CategoryTableViewCell.swift */,
			);
			path = CategoryViewController;
			sourceTree = "<group>";
		};
		3D662C672A56133900148E76 /* CoreData */ = {
			isa = PBXGroup;
			children = (
				3D662C682A56135600148E76 /* TrackerStore.swift */,
				3D2A10F52A58932C00AC7296 /* TrackerCategoryStore.swift */,
				3D2A10F72A58937000AC7296 /* TrackerRecordStore.swift */,
				3D204E722A5DEA8C007A6376 /* TrackerDataController.swift */,
				3D204E702A5DE3D6007A6376 /* CoreDataPersistentContainer.swift */,
				3D204E742A5EC828007A6376 /* TrackerCategoryStoreUpdate.swift */,
				3DCC16702A60AFFD0061F75D /* CoreDataModel.xcdatamodeld */,
			);
			path = CoreData;
			sourceTree = "<group>";
		};
		3D7BF5BF2A3F6C35007FDAC9 /* TrackersViewController */ = {
			isa = PBXGroup;
			children = (
				3DEA00E32A3B280300CE2402 /* TrackersViewController.swift */,
				3D2998322A40D4C300B42278 /* CardCollectionViewCell.swift */,
				3DE04A712A4791BC00AA623B /* CardCellViewModel.swift */,
				3D4011022A45A4720015928E /* HeaderCollectionReusableView.swift */,
				3DB121BF2A44F0EB00CA2EEC /* NewTrackerTypeChoosingViewController */,
				3DB121C02A44F10A00CA2EEC /* NewTrackerViewController */,
				3D4011042A45AA0B0015928E /* CategoryViewController */,
				3DB121C12A44F11400CA2EEC /* ScheduleViewController */,
			);
			path = TrackersViewController;
			sourceTree = "<group>";
		};
		3D7BF5C02A3F6C49007FDAC9 /* StatisticViewController */ = {
			isa = PBXGroup;
			children = (
				3D7BF5BD2A3F6B83007FDAC9 /* StatisticViewController.swift */,
			);
			path = StatisticViewController;
			sourceTree = "<group>";
		};
		3D7BF5C12A3F6C6F007FDAC9 /* TabBarController */ = {
			isa = PBXGroup;
			children = (
				3D7BF5BB2A3F636C007FDAC9 /* TabBarController.swift */,
			);
			path = TabBarController;
			sourceTree = "<group>";
		};
		3D7BF5C22A3F6C81007FDAC9 /* App Life Cycle Controllers */ = {
			isa = PBXGroup;
			children = (
				3DEA00DF2A3B280300CE2402 /* AppDelegate.swift */,
				3DEA00E12A3B280300CE2402 /* SceneDelegate.swift */,
			);
			path = "App Life Cycle Controllers";
			sourceTree = "<group>";
		};
		3D7BF5C32A3F6CB9007FDAC9 /* Helpers */ = {
			isa = PBXGroup;
			children = (
				3D7BF5C62A3FA9FC007FDAC9 /* UIColor+Extension.swift */,
				3DB121B72A44B60200CA2EEC /* UITextField+Extensions.swift */,
				3DB172AD2A42FB7C0043A3F1 /* Constants.swift */,
				3DB998D32A46F8B900EC9069 /* String+Extension.swift */,
			);
			path = Helpers;
			sourceTree = "<group>";
		};
		3DB121BF2A44F0EB00CA2EEC /* NewTrackerTypeChoosingViewController */ = {
			isa = PBXGroup;
			children = (
				3D44CA0D2A4381E600B7AF05 /* NewTrackerTypeChoosingViewController.swift */,
			);
			path = NewTrackerTypeChoosingViewController;
			sourceTree = "<group>";
		};
		3DB121C02A44F10A00CA2EEC /* NewTrackerViewController */ = {
			isa = PBXGroup;
			children = (
				3D44CA0F2A43998600B7AF05 /* NewTrackerViewController.swift */,
				3D6556EA2A4E2329008C1241 /* CollectionViewCell.swift */,
			);
			path = NewTrackerViewController;
			sourceTree = "<group>";
		};
		3DB121C12A44F11400CA2EEC /* ScheduleViewController */ = {
			isa = PBXGroup;
			children = (
				3DB121BD2A44DDED00CA2EEC /* ScheduleViewController.swift */,
			);
			path = ScheduleViewController;
			sourceTree = "<group>";
		};
		3DB121C22A44F12200CA2EEC /* Views */ = {
			isa = PBXGroup;
			children = (
				3DB121B92A44C1A600CA2EEC /* ListView.swift */,
				3DB998D72A474E1400EC9069 /* ListButton.swift */,
				3DB121BB2A44D72100CA2EEC /* PrimaryButton.swift */,
			);
			path = Views;
			sourceTree = "<group>";
		};
		3DB172AF2A43012D0043A3F1 /* Models */ = {
			isa = PBXGroup;
			children = (
				3DB172B02A4301400043A3F1 /* Tracker.swift */,
				3DB172B22A43015A0043A3F1 /* TrackerCategory.swift */,
				3DB172B42A4301780043A3F1 /* TrackerRecord.swift */,
			);
			path = Models;
			sourceTree = "<group>";
		};
		3DEA00D32A3B280300CE2402 = {
			isa = PBXGroup;
			children = (
				3DEA00DE2A3B280300CE2402 /* Daily Habits */,
				3DEA00DD2A3B280300CE2402 /* Products */,
			);
			sourceTree = "<group>";
		};
		3DEA00DD2A3B280300CE2402 /* Products */ = {
			isa = PBXGroup;
			children = (
				3DEA00DC2A3B280300CE2402 /* Daily Habits.app */,
			);
			name = Products;
			sourceTree = "<group>";
		};
		3DEA00DE2A3B280300CE2402 /* Daily Habits */ = {
			isa = PBXGroup;
			children = (
				3D7BF5C22A3F6C81007FDAC9 /* App Life Cycle Controllers */,
				3D3D03422A67B04D0073DE2C /* OnboardingViewController */,
				3D7BF5C12A3F6C6F007FDAC9 /* TabBarController */,
				3D7BF5BF2A3F6C35007FDAC9 /* TrackersViewController */,
				3DB121C22A44F12200CA2EEC /* Views */,
				3DB172AF2A43012D0043A3F1 /* Models */,
				3D7BF5C02A3F6C49007FDAC9 /* StatisticViewController */,
				3D7BF5C32A3F6CB9007FDAC9 /* Helpers */,
				3D662C672A56133900148E76 /* CoreData */,
				3DEA00EA2A3B280300CE2402 /* LaunchScreen.storyboard */,
				3DEA00E82A3B280300CE2402 /* Assets.xcassets */,
				3DEA00ED2A3B280300CE2402 /* Info.plist */,
			);
			path = "Daily Habits";
			sourceTree = "<group>";
		};
/* End PBXGroup section */

/* Begin PBXNativeTarget section */
		3DEA00DB2A3B280300CE2402 /* Daily Habits */ = {
			isa = PBXNativeTarget;
			buildConfigurationList = 3DEA00F02A3B280300CE2402 /* Build configuration list for PBXNativeTarget "Daily Habits" */;
			buildPhases = (
				3DEA00D82A3B280300CE2402 /* Sources */,
				3DEA00D92A3B280300CE2402 /* Frameworks */,
				3DEA00DA2A3B280300CE2402 /* Resources */,
			);
			buildRules = (
			);
			dependencies = (
			);
			name = "Daily Habits";
			productName = "Daily Habits";
			productReference = 3DEA00DC2A3B280300CE2402 /* Daily Habits.app */;
			productType = "com.apple.product-type.application";
		};
/* End PBXNativeTarget section */

/* Begin PBXProject section */
		3DEA00D42A3B280300CE2402 /* Project object */ = {
			isa = PBXProject;
			attributes = {
				BuildIndependentTargetsInParallel = 1;
				LastSwiftUpdateCheck = 1430;
				LastUpgradeCheck = 1430;
				TargetAttributes = {
					3DEA00DB2A3B280300CE2402 = {
						CreatedOnToolsVersion = 14.3;
					};
				};
			};
			buildConfigurationList = 3DEA00D72A3B280300CE2402 /* Build configuration list for PBXProject "Daily Habits" */;
			compatibilityVersion = "Xcode 14.0";
			developmentRegion = en;
			hasScannedForEncodings = 0;
			knownRegions = (
				en,
				Base,
			);
			mainGroup = 3DEA00D32A3B280300CE2402;
			productRefGroup = 3DEA00DD2A3B280300CE2402 /* Products */;
			projectDirPath = "";
			projectRoot = "";
			targets = (
				3DEA00DB2A3B280300CE2402 /* Daily Habits */,
			);
		};
/* End PBXProject section */

/* Begin PBXResourcesBuildPhase section */
		3DEA00DA2A3B280300CE2402 /* Resources */ = {
			isa = PBXResourcesBuildPhase;
			buildActionMask = 2147483647;
			files = (
				3DEA00EC2A3B280300CE2402 /* LaunchScreen.storyboard in Resources */,
				3DEA00E92A3B280300CE2402 /* Assets.xcassets in Resources */,
			);
			runOnlyForDeploymentPostprocessing = 0;
		};
/* End PBXResourcesBuildPhase section */

/* Begin PBXSourcesBuildPhase section */
		3DEA00D82A3B280300CE2402 /* Sources */ = {
			isa = PBXSourcesBuildPhase;
			buildActionMask = 2147483647;
			files = (
				3D7BF5C72A3FA9FC007FDAC9 /* UIColor+Extension.swift in Sources */,
				3DEA00E42A3B280300CE2402 /* TrackersViewController.swift in Sources */,
				3DB121BE2A44DDED00CA2EEC /* ScheduleViewController.swift in Sources */,
				3D4011062A45AA290015928E /* CategoryViewController.swift in Sources */,
				3D7BF5BC2A3F636C007FDAC9 /* TabBarController.swift in Sources */,
				3D2A10F82A58937000AC7296 /* TrackerRecordStore.swift in Sources */,
				3DB172B52A4301780043A3F1 /* TrackerRecord.swift in Sources */,
				3D6556EB2A4E2329008C1241 /* CollectionViewCell.swift in Sources */,
				3D3D03462A67B10D0073DE2C /* OnboardingFirstViewController.swift in Sources */,
				3DB172B12A4301400043A3F1 /* Tracker.swift in Sources */,
				3DB172B32A43015A0043A3F1 /* TrackerCategory.swift in Sources */,
				3DB998D42A46F8B900EC9069 /* String+Extension.swift in Sources */,
				3D204E732A5DEA8C007A6376 /* TrackerDataController.swift in Sources */,
				3DB998D82A474E1500EC9069 /* ListButton.swift in Sources */,
				3DE04A722A4791BC00AA623B /* CardCellViewModel.swift in Sources */,
				3D7268682A692EAD00540D6B /* NewCategoryViewController.swift in Sources */,
				3DCC16722A60AFFD0061F75D /* CoreDataModel.xcdatamodeld in Sources */,
				3DEA00E02A3B280300CE2402 /* AppDelegate.swift in Sources */,
				3D7268662A686B2200540D6B /* CategoryTableViewCell.swift in Sources */,
				3DB121BA2A44C1A600CA2EEC /* ListView.swift in Sources */,
				3D662C692A56135600148E76 /* TrackerStore.swift in Sources */,
				3DB121B82A44B60200CA2EEC /* UITextField+Extensions.swift in Sources */,
				3D2A10F62A58932C00AC7296 /* TrackerCategoryStore.swift in Sources */,
				3D204E752A5EC828007A6376 /* TrackerCategoryStoreUpdate.swift in Sources */,
				3D4011032A45A4720015928E /* HeaderCollectionReusableView.swift in Sources */,
				3D2998332A40D4C300B42278 /* CardCollectionViewCell.swift in Sources */,
				3D3D03442A67B0740073DE2C /* OnboardingPageViewController.swift in Sources */,
				3D7BF5BE2A3F6B83007FDAC9 /* StatisticViewController.swift in Sources */,
				3D44CA102A43998600B7AF05 /* NewTrackerViewController.swift in Sources */,
				3DEA00E22A3B280300CE2402 /* SceneDelegate.swift in Sources */,
				3D44CA0E2A4381E600B7AF05 /* NewTrackerTypeChoosingViewController.swift in Sources */,
				3D204E712A5DE3D6007A6376 /* CoreDataPersistentContainer.swift in Sources */,
				3DB121BC2A44D72100CA2EEC /* PrimaryButton.swift in Sources */,
				3DB172AE2A42FB7C0043A3F1 /* Constants.swift in Sources */,
			);
			runOnlyForDeploymentPostprocessing = 0;
		};
/* End PBXSourcesBuildPhase section */

/* Begin PBXVariantGroup section */
		3DEA00EA2A3B280300CE2402 /* LaunchScreen.storyboard */ = {
			isa = PBXVariantGroup;
			children = (
				3DEA00EB2A3B280300CE2402 /* Base */,
			);
			name = LaunchScreen.storyboard;
			sourceTree = "<group>";
		};
/* End PBXVariantGroup section */

/* Begin XCBuildConfiguration section */
		3DEA00EE2A3B280300CE2402 /* Debug */ = {
			isa = XCBuildConfiguration;
			buildSettings = {
				ALWAYS_SEARCH_USER_PATHS = NO;
				CLANG_ANALYZER_NONNULL = YES;
				CLANG_ANALYZER_NUMBER_OBJECT_CONVERSION = YES_AGGRESSIVE;
				CLANG_CXX_LANGUAGE_STANDARD = "gnu++20";
				CLANG_ENABLE_MODULES = YES;
				CLANG_ENABLE_OBJC_ARC = YES;
				CLANG_ENABLE_OBJC_WEAK = YES;
				CLANG_WARN_BLOCK_CAPTURE_AUTORELEASING = YES;
				CLANG_WARN_BOOL_CONVERSION = YES;
				CLANG_WARN_COMMA = YES;
				CLANG_WARN_CONSTANT_CONVERSION = YES;
				CLANG_WARN_DEPRECATED_OBJC_IMPLEMENTATIONS = YES;
				CLANG_WARN_DIRECT_OBJC_ISA_USAGE = YES_ERROR;
				CLANG_WARN_DOCUMENTATION_COMMENTS = YES;
				CLANG_WARN_EMPTY_BODY = YES;
				CLANG_WARN_ENUM_CONVERSION = YES;
				CLANG_WARN_INFINITE_RECURSION = YES;
				CLANG_WARN_INT_CONVERSION = YES;
				CLANG_WARN_NON_LITERAL_NULL_CONVERSION = YES;
				CLANG_WARN_OBJC_IMPLICIT_RETAIN_SELF = YES;
				CLANG_WARN_OBJC_LITERAL_CONVERSION = YES;
				CLANG_WARN_OBJC_ROOT_CLASS = YES_ERROR;
				CLANG_WARN_QUOTED_INCLUDE_IN_FRAMEWORK_HEADER = YES;
				CLANG_WARN_RANGE_LOOP_ANALYSIS = YES;
				CLANG_WARN_STRICT_PROTOTYPES = YES;
				CLANG_WARN_SUSPICIOUS_MOVE = YES;
				CLANG_WARN_UNGUARDED_AVAILABILITY = YES_AGGRESSIVE;
				CLANG_WARN_UNREACHABLE_CODE = YES;
				CLANG_WARN__DUPLICATE_METHOD_MATCH = YES;
				COPY_PHASE_STRIP = NO;
				DEBUG_INFORMATION_FORMAT = dwarf;
				ENABLE_STRICT_OBJC_MSGSEND = YES;
				ENABLE_TESTABILITY = YES;
				GCC_C_LANGUAGE_STANDARD = gnu11;
				GCC_DYNAMIC_NO_PIC = NO;
				GCC_NO_COMMON_BLOCKS = YES;
				GCC_OPTIMIZATION_LEVEL = 0;
				GCC_PREPROCESSOR_DEFINITIONS = (
					"DEBUG=1",
					"$(inherited)",
				);
				GCC_WARN_64_TO_32_BIT_CONVERSION = YES;
				GCC_WARN_ABOUT_RETURN_TYPE = YES_ERROR;
				GCC_WARN_UNDECLARED_SELECTOR = YES;
				GCC_WARN_UNINITIALIZED_AUTOS = YES_AGGRESSIVE;
				GCC_WARN_UNUSED_FUNCTION = YES;
				GCC_WARN_UNUSED_VARIABLE = YES;
				IPHONEOS_DEPLOYMENT_TARGET = 16.4;
				MTL_ENABLE_DEBUG_INFO = INCLUDE_SOURCE;
				MTL_FAST_MATH = YES;
				ONLY_ACTIVE_ARCH = YES;
				SDKROOT = iphoneos;
				SWIFT_ACTIVE_COMPILATION_CONDITIONS = DEBUG;
				SWIFT_OPTIMIZATION_LEVEL = "-Onone";
			};
			name = Debug;
		};
		3DEA00EF2A3B280300CE2402 /* Release */ = {
			isa = XCBuildConfiguration;
			buildSettings = {
				ALWAYS_SEARCH_USER_PATHS = NO;
				CLANG_ANALYZER_NONNULL = YES;
				CLANG_ANALYZER_NUMBER_OBJECT_CONVERSION = YES_AGGRESSIVE;
				CLANG_CXX_LANGUAGE_STANDARD = "gnu++20";
				CLANG_ENABLE_MODULES = YES;
				CLANG_ENABLE_OBJC_ARC = YES;
				CLANG_ENABLE_OBJC_WEAK = YES;
				CLANG_WARN_BLOCK_CAPTURE_AUTORELEASING = YES;
				CLANG_WARN_BOOL_CONVERSION = YES;
				CLANG_WARN_COMMA = YES;
				CLANG_WARN_CONSTANT_CONVERSION = YES;
				CLANG_WARN_DEPRECATED_OBJC_IMPLEMENTATIONS = YES;
				CLANG_WARN_DIRECT_OBJC_ISA_USAGE = YES_ERROR;
				CLANG_WARN_DOCUMENTATION_COMMENTS = YES;
				CLANG_WARN_EMPTY_BODY = YES;
				CLANG_WARN_ENUM_CONVERSION = YES;
				CLANG_WARN_INFINITE_RECURSION = YES;
				CLANG_WARN_INT_CONVERSION = YES;
				CLANG_WARN_NON_LITERAL_NULL_CONVERSION = YES;
				CLANG_WARN_OBJC_IMPLICIT_RETAIN_SELF = YES;
				CLANG_WARN_OBJC_LITERAL_CONVERSION = YES;
				CLANG_WARN_OBJC_ROOT_CLASS = YES_ERROR;
				CLANG_WARN_QUOTED_INCLUDE_IN_FRAMEWORK_HEADER = YES;
				CLANG_WARN_RANGE_LOOP_ANALYSIS = YES;
				CLANG_WARN_STRICT_PROTOTYPES = YES;
				CLANG_WARN_SUSPICIOUS_MOVE = YES;
				CLANG_WARN_UNGUARDED_AVAILABILITY = YES_AGGRESSIVE;
				CLANG_WARN_UNREACHABLE_CODE = YES;
				CLANG_WARN__DUPLICATE_METHOD_MATCH = YES;
				COPY_PHASE_STRIP = NO;
				DEBUG_INFORMATION_FORMAT = "dwarf-with-dsym";
				ENABLE_NS_ASSERTIONS = NO;
				ENABLE_STRICT_OBJC_MSGSEND = YES;
				GCC_C_LANGUAGE_STANDARD = gnu11;
				GCC_NO_COMMON_BLOCKS = YES;
				GCC_WARN_64_TO_32_BIT_CONVERSION = YES;
				GCC_WARN_ABOUT_RETURN_TYPE = YES_ERROR;
				GCC_WARN_UNDECLARED_SELECTOR = YES;
				GCC_WARN_UNINITIALIZED_AUTOS = YES_AGGRESSIVE;
				GCC_WARN_UNUSED_FUNCTION = YES;
				GCC_WARN_UNUSED_VARIABLE = YES;
				IPHONEOS_DEPLOYMENT_TARGET = 16.4;
				MTL_ENABLE_DEBUG_INFO = NO;
				MTL_FAST_MATH = YES;
				SDKROOT = iphoneos;
				SWIFT_COMPILATION_MODE = wholemodule;
				SWIFT_OPTIMIZATION_LEVEL = "-O";
				VALIDATE_PRODUCT = YES;
			};
			name = Release;
		};
		3DEA00F12A3B280300CE2402 /* Debug */ = {
			isa = XCBuildConfiguration;
			buildSettings = {
				ASSETCATALOG_COMPILER_APPICON_NAME = AppIcon;
				ASSETCATALOG_COMPILER_GLOBAL_ACCENT_COLOR_NAME = AccentColor;
				CODE_SIGN_STYLE = Automatic;
				CURRENT_PROJECT_VERSION = 1;
				DEVELOPMENT_TEAM = WEZ4D5M6R9;
				GENERATE_INFOPLIST_FILE = YES;
				INFOPLIST_FILE = "Daily Habits/Info.plist";
				INFOPLIST_KEY_UIApplicationSupportsIndirectInputEvents = YES;
				INFOPLIST_KEY_UILaunchStoryboardName = LaunchScreen;
				INFOPLIST_KEY_UISupportedInterfaceOrientations = UIInterfaceOrientationPortrait;
				INFOPLIST_KEY_UISupportedInterfaceOrientations_iPad = "UIInterfaceOrientationLandscapeLeft UIInterfaceOrientationLandscapeRight UIInterfaceOrientationPortrait UIInterfaceOrientationPortraitUpsideDown";
				IPHONEOS_DEPLOYMENT_TARGET = 13.4;
				LD_RUNPATH_SEARCH_PATHS = (
					"$(inherited)",
					"@executable_path/Frameworks",
				);
				MARKETING_VERSION = 1.0;
				PRODUCT_BUNDLE_IDENTIFIER = "com.vadimkuzmin.Daily-Habits";
				PRODUCT_NAME = "$(TARGET_NAME)";
				SUPPORTED_PLATFORMS = "iphoneos iphonesimulator";
				SUPPORTS_MACCATALYST = NO;
				SUPPORTS_MAC_DESIGNED_FOR_IPHONE_IPAD = NO;
				SWIFT_EMIT_LOC_STRINGS = YES;
				SWIFT_VERSION = 5.0;
				TARGETED_DEVICE_FAMILY = 1;
			};
			name = Debug;
		};
		3DEA00F22A3B280300CE2402 /* Release */ = {
			isa = XCBuildConfiguration;
			buildSettings = {
				ASSETCATALOG_COMPILER_APPICON_NAME = AppIcon;
				ASSETCATALOG_COMPILER_GLOBAL_ACCENT_COLOR_NAME = AccentColor;
				CODE_SIGN_STYLE = Automatic;
				CURRENT_PROJECT_VERSION = 1;
				DEVELOPMENT_TEAM = WEZ4D5M6R9;
				GENERATE_INFOPLIST_FILE = YES;
				INFOPLIST_FILE = "Daily Habits/Info.plist";
				INFOPLIST_KEY_UIApplicationSupportsIndirectInputEvents = YES;
				INFOPLIST_KEY_UILaunchStoryboardName = LaunchScreen;
				INFOPLIST_KEY_UISupportedInterfaceOrientations = UIInterfaceOrientationPortrait;
				INFOPLIST_KEY_UISupportedInterfaceOrientations_iPad = "UIInterfaceOrientationLandscapeLeft UIInterfaceOrientationLandscapeRight UIInterfaceOrientationPortrait UIInterfaceOrientationPortraitUpsideDown";
				IPHONEOS_DEPLOYMENT_TARGET = 13.4;
				LD_RUNPATH_SEARCH_PATHS = (
					"$(inherited)",
					"@executable_path/Frameworks",
				);
				MARKETING_VERSION = 1.0;
				PRODUCT_BUNDLE_IDENTIFIER = "com.vadimkuzmin.Daily-Habits";
				PRODUCT_NAME = "$(TARGET_NAME)";
				SUPPORTED_PLATFORMS = "iphoneos iphonesimulator";
				SUPPORTS_MACCATALYST = NO;
				SUPPORTS_MAC_DESIGNED_FOR_IPHONE_IPAD = NO;
				SWIFT_EMIT_LOC_STRINGS = YES;
				SWIFT_VERSION = 5.0;
				TARGETED_DEVICE_FAMILY = 1;
			};
			name = Release;
		};
/* End XCBuildConfiguration section */

/* Begin XCConfigurationList section */
		3DEA00D72A3B280300CE2402 /* Build configuration list for PBXProject "Daily Habits" */ = {
			isa = XCConfigurationList;
			buildConfigurations = (
				3DEA00EE2A3B280300CE2402 /* Debug */,
				3DEA00EF2A3B280300CE2402 /* Release */,
			);
			defaultConfigurationIsVisible = 0;
			defaultConfigurationName = Release;
		};
		3DEA00F02A3B280300CE2402 /* Build configuration list for PBXNativeTarget "Daily Habits" */ = {
			isa = XCConfigurationList;
			buildConfigurations = (
				3DEA00F12A3B280300CE2402 /* Debug */,
				3DEA00F22A3B280300CE2402 /* Release */,
			);
			defaultConfigurationIsVisible = 0;
			defaultConfigurationName = Release;
		};
/* End XCConfigurationList section */

/* Begin XCVersionGroup section */
		3DCC16702A60AFFD0061F75D /* CoreDataModel.xcdatamodeld */ = {
			isa = XCVersionGroup;
			children = (
				3DCC16712A60AFFD0061F75D /* CoreDataModel.xcdatamodel */,
			);
			currentVersion = 3DCC16712A60AFFD0061F75D /* CoreDataModel.xcdatamodel */;
			path = CoreDataModel.xcdatamodeld;
			sourceTree = "<group>";
			versionGroupType = wrapper.xcdatamodel;
		};
/* End XCVersionGroup section */
	};
	rootObject = 3DEA00D42A3B280300CE2402 /* Project object */;
}
